// !$*UTF8*$!
{
	archiveVersion = 1;
	classes = {
	};
	objectVersion = 56;
	objects = {

/* Begin PBXBuildFile section */
		6114230729D5968300DDE6E0 /* Assets.xcassets in Resources */ = {isa = PBXBuildFile; fileRef = 611422E029D5968200DDE6E0 /* Assets.xcassets */; };
		6114230829D5968300DDE6E0 /* RecruitmentModuleApp.swift in Sources */ = {isa = PBXBuildFile; fileRef = 611422E129D5968200DDE6E0 /* RecruitmentModuleApp.swift */; };
		6114230929D5968300DDE6E0 /* SummaryView.swift in Sources */ = {isa = PBXBuildFile; fileRef = 611422E429D5968300DDE6E0 /* SummaryView.swift */; };
		6114230A29D5968300DDE6E0 /* LogNoteView.swift in Sources */ = {isa = PBXBuildFile; fileRef = 611422E529D5968300DDE6E0 /* LogNoteView.swift */; };
		6114230B29D5968300DDE6E0 /* DropdownView.swift in Sources */ = {isa = PBXBuildFile; fileRef = 611422E629D5968300DDE6E0 /* DropdownView.swift */; };
		6114230C29D5968300DDE6E0 /* CustomDots.swift in Sources */ = {isa = PBXBuildFile; fileRef = 611422E729D5968300DDE6E0 /* CustomDots.swift */; };
		6114230D29D5968300DDE6E0 /* JobView.swift in Sources */ = {isa = PBXBuildFile; fileRef = 611422E829D5968300DDE6E0 /* JobView.swift */; };
		6114230E29D5968300DDE6E0 /* NoteView.swift in Sources */ = {isa = PBXBuildFile; fileRef = 611422E929D5968300DDE6E0 /* NoteView.swift */; };
		6114230F29D5968300DDE6E0 /* UserView.swift in Sources */ = {isa = PBXBuildFile; fileRef = 611422EA29D5968300DDE6E0 /* UserView.swift */; };
		6114231029D5968300DDE6E0 /* ScheduleView.swift in Sources */ = {isa = PBXBuildFile; fileRef = 611422EB29D5968300DDE6E0 /* ScheduleView.swift */; };
		6114231129D5968300DDE6E0 /* AddScheduleView.swift in Sources */ = {isa = PBXBuildFile; fileRef = 611422EC29D5968300DDE6E0 /* AddScheduleView.swift */; };
		6114231229D5968300DDE6E0 /* TaskView.swift in Sources */ = {isa = PBXBuildFile; fileRef = 611422ED29D5968300DDE6E0 /* TaskView.swift */; };
		6114231329D5968300DDE6E0 /* BottomBarView.swift in Sources */ = {isa = PBXBuildFile; fileRef = 611422EE29D5968300DDE6E0 /* BottomBarView.swift */; };
		6114231429D5968300DDE6E0 /* AddStatusView.swift in Sources */ = {isa = PBXBuildFile; fileRef = 611422F029D5968300DDE6E0 /* AddStatusView.swift */; };
		6114231529D5968300DDE6E0 /* TestingPeriodView.swift in Sources */ = {isa = PBXBuildFile; fileRef = 611422F229D5968300DDE6E0 /* TestingPeriodView.swift */; };
		6114231629D5968300DDE6E0 /* StudentView.swift in Sources */ = {isa = PBXBuildFile; fileRef = 611422F329D5968300DDE6E0 /* StudentView.swift */; };
		6114231729D5968300DDE6E0 /* RecruitmentView.swift in Sources */ = {isa = PBXBuildFile; fileRef = 611422F429D5968300DDE6E0 /* RecruitmentView.swift */; };
		6114231829D5968300DDE6E0 /* InCommunicationView.swift in Sources */ = {isa = PBXBuildFile; fileRef = 611422F529D5968300DDE6E0 /* InCommunicationView.swift */; };
		6114231929D5968300DDE6E0 /* UserCardView.swift in Sources */ = {isa = PBXBuildFile; fileRef = 611422F629D5968300DDE6E0 /* UserCardView.swift */; };
		6114231A29D5968300DDE6E0 /* BottomSheetView.swift in Sources */ = {isa = PBXBuildFile; fileRef = 611422F729D5968300DDE6E0 /* BottomSheetView.swift */; };
		6114231B29D5968300DDE6E0 /* UserCardList.swift in Sources */ = {isa = PBXBuildFile; fileRef = 611422F829D5968300DDE6E0 /* UserCardList.swift */; };
		6114231C29D5968300DDE6E0 /* UserCardScrollView.swift in Sources */ = {isa = PBXBuildFile; fileRef = 611422F929D5968300DDE6E0 /* UserCardScrollView.swift */; };
		6114231D29D5968300DDE6E0 /* CustomProgressBarView.swift in Sources */ = {isa = PBXBuildFile; fileRef = 611422FA29D5968300DDE6E0 /* CustomProgressBarView.swift */; };
		6114231E29D5968300DDE6E0 /* CustomBackButton.swift in Sources */ = {isa = PBXBuildFile; fileRef = 611422FB29D5968300DDE6E0 /* CustomBackButton.swift */; };
		6114231F29D5968300DDE6E0 /* CustomBottomButton.swift in Sources */ = {isa = PBXBuildFile; fileRef = 611422FC29D5968300DDE6E0 /* CustomBottomButton.swift */; };
		6114232029D5968300DDE6E0 /* WebsiteRequestView.swift in Sources */ = {isa = PBXBuildFile; fileRef = 611422FD29D5968300DDE6E0 /* WebsiteRequestView.swift */; };
		6114232129D5968300DDE6E0 /* StatusModel.swift in Sources */ = {isa = PBXBuildFile; fileRef = 611422FF29D5968300DDE6E0 /* StatusModel.swift */; };
		6114232229D5968300DDE6E0 /* NoteModel.swift in Sources */ = {isa = PBXBuildFile; fileRef = 6114230029D5968300DDE6E0 /* NoteModel.swift */; };
		6114232329D5968300DDE6E0 /* CardModel.swift in Sources */ = {isa = PBXBuildFile; fileRef = 6114230129D5968300DDE6E0 /* CardModel.swift */; };
		6114232429D5968300DDE6E0 /* TaskModel.swift in Sources */ = {isa = PBXBuildFile; fileRef = 6114230229D5968300DDE6E0 /* TaskModel.swift */; };
		6114232529D5968300DDE6E0 /* DropDownOptionsModel.swift in Sources */ = {isa = PBXBuildFile; fileRef = 6114230329D5968300DDE6E0 /* DropDownOptionsModel.swift */; };
		6114232629D5968300DDE6E0 /* UserModel.swift in Sources */ = {isa = PBXBuildFile; fileRef = 6114230429D5968300DDE6E0 /* UserModel.swift */; };
		6114232729D5968300DDE6E0 /* RecruitmentViewModel.swift in Sources */ = {isa = PBXBuildFile; fileRef = 6114230629D5968300DDE6E0 /* RecruitmentViewModel.swift */; };
		618388DF29BE512E00FF2157 /* RecruitmentModule.framework in Frameworks */ = {isa = PBXBuildFile; fileRef = 618388D629BE512E00FF2157 /* RecruitmentModule.framework */; };
		618388E429BE512E00FF2157 /* RecruitmentModuleTests.swift in Sources */ = {isa = PBXBuildFile; fileRef = 618388E329BE512E00FF2157 /* RecruitmentModuleTests.swift */; };
		618388E529BE512E00FF2157 /* RecruitmentModule.h in Headers */ = {isa = PBXBuildFile; fileRef = 618388D929BE512E00FF2157 /* RecruitmentModule.h */; settings = {ATTRIBUTES = (Public, ); }; };
		7E6905AD29E1C7EF00004EEA /* LogicRecr.swift in Sources */ = {isa = PBXBuildFile; fileRef = 7E6905AC29E1C7EF00004EEA /* LogicRecr.swift */; };
		7E6905B029E1C87B00004EEA /* Alamofire in Frameworks */ = {isa = PBXBuildFile; productRef = 7E6905AF29E1C87B00004EEA /* Alamofire */; };
		7E6905B229E2B75500004EEA /* UserTestCard.swift in Sources */ = {isa = PBXBuildFile; fileRef = 7E6905B129E2B75500004EEA /* UserTestCard.swift */; };
/* End PBXBuildFile section */

/* Begin PBXContainerItemProxy section */
		618388E029BE512E00FF2157 /* PBXContainerItemProxy */ = {
			isa = PBXContainerItemProxy;
			containerPortal = 618388CD29BE512E00FF2157 /* Project object */;
			proxyType = 1;
			remoteGlobalIDString = 618388D529BE512E00FF2157;
			remoteInfo = RecruitmentModule;
		};
/* End PBXContainerItemProxy section */

/* Begin PBXFileReference section */
		611422E029D5968200DDE6E0 /* Assets.xcassets */ = {isa = PBXFileReference; lastKnownFileType = folder.assetcatalog; path = Assets.xcassets; sourceTree = "<group>"; };
		611422E129D5968200DDE6E0 /* RecruitmentModuleApp.swift */ = {isa = PBXFileReference; fileEncoding = 4; lastKnownFileType = sourcecode.swift; path = RecruitmentModuleApp.swift; sourceTree = "<group>"; };
		611422E429D5968300DDE6E0 /* SummaryView.swift */ = {isa = PBXFileReference; fileEncoding = 4; lastKnownFileType = sourcecode.swift; path = SummaryView.swift; sourceTree = "<group>"; };
		611422E529D5968300DDE6E0 /* LogNoteView.swift */ = {isa = PBXFileReference; fileEncoding = 4; lastKnownFileType = sourcecode.swift; path = LogNoteView.swift; sourceTree = "<group>"; };
		611422E629D5968300DDE6E0 /* DropdownView.swift */ = {isa = PBXFileReference; fileEncoding = 4; lastKnownFileType = sourcecode.swift; path = DropdownView.swift; sourceTree = "<group>"; };
		611422E729D5968300DDE6E0 /* CustomDots.swift */ = {isa = PBXFileReference; fileEncoding = 4; lastKnownFileType = sourcecode.swift; path = CustomDots.swift; sourceTree = "<group>"; };
		611422E829D5968300DDE6E0 /* JobView.swift */ = {isa = PBXFileReference; fileEncoding = 4; lastKnownFileType = sourcecode.swift; path = JobView.swift; sourceTree = "<group>"; };
		611422E929D5968300DDE6E0 /* NoteView.swift */ = {isa = PBXFileReference; fileEncoding = 4; lastKnownFileType = sourcecode.swift; path = NoteView.swift; sourceTree = "<group>"; };
		611422EA29D5968300DDE6E0 /* UserView.swift */ = {isa = PBXFileReference; fileEncoding = 4; lastKnownFileType = sourcecode.swift; path = UserView.swift; sourceTree = "<group>"; };
		611422EB29D5968300DDE6E0 /* ScheduleView.swift */ = {isa = PBXFileReference; fileEncoding = 4; lastKnownFileType = sourcecode.swift; path = ScheduleView.swift; sourceTree = "<group>"; };
		611422EC29D5968300DDE6E0 /* AddScheduleView.swift */ = {isa = PBXFileReference; fileEncoding = 4; lastKnownFileType = sourcecode.swift; path = AddScheduleView.swift; sourceTree = "<group>"; };
		611422ED29D5968300DDE6E0 /* TaskView.swift */ = {isa = PBXFileReference; fileEncoding = 4; lastKnownFileType = sourcecode.swift; path = TaskView.swift; sourceTree = "<group>"; };
		611422EE29D5968300DDE6E0 /* BottomBarView.swift */ = {isa = PBXFileReference; fileEncoding = 4; lastKnownFileType = sourcecode.swift; path = BottomBarView.swift; sourceTree = "<group>"; };
		611422F029D5968300DDE6E0 /* AddStatusView.swift */ = {isa = PBXFileReference; fileEncoding = 4; lastKnownFileType = sourcecode.swift; path = AddStatusView.swift; sourceTree = "<group>"; };
		611422F229D5968300DDE6E0 /* TestingPeriodView.swift */ = {isa = PBXFileReference; fileEncoding = 4; lastKnownFileType = sourcecode.swift; path = TestingPeriodView.swift; sourceTree = "<group>"; };
		611422F329D5968300DDE6E0 /* StudentView.swift */ = {isa = PBXFileReference; fileEncoding = 4; lastKnownFileType = sourcecode.swift; path = StudentView.swift; sourceTree = "<group>"; };
		611422F429D5968300DDE6E0 /* RecruitmentView.swift */ = {isa = PBXFileReference; fileEncoding = 4; lastKnownFileType = sourcecode.swift; path = RecruitmentView.swift; sourceTree = "<group>"; };
		611422F529D5968300DDE6E0 /* InCommunicationView.swift */ = {isa = PBXFileReference; fileEncoding = 4; lastKnownFileType = sourcecode.swift; path = InCommunicationView.swift; sourceTree = "<group>"; };
		611422F629D5968300DDE6E0 /* UserCardView.swift */ = {isa = PBXFileReference; fileEncoding = 4; lastKnownFileType = sourcecode.swift; path = UserCardView.swift; sourceTree = "<group>"; };
		611422F729D5968300DDE6E0 /* BottomSheetView.swift */ = {isa = PBXFileReference; fileEncoding = 4; lastKnownFileType = sourcecode.swift; path = BottomSheetView.swift; sourceTree = "<group>"; };
		611422F829D5968300DDE6E0 /* UserCardList.swift */ = {isa = PBXFileReference; fileEncoding = 4; lastKnownFileType = sourcecode.swift; path = UserCardList.swift; sourceTree = "<group>"; };
		611422F929D5968300DDE6E0 /* UserCardScrollView.swift */ = {isa = PBXFileReference; fileEncoding = 4; lastKnownFileType = sourcecode.swift; path = UserCardScrollView.swift; sourceTree = "<group>"; };
		611422FA29D5968300DDE6E0 /* CustomProgressBarView.swift */ = {isa = PBXFileReference; fileEncoding = 4; lastKnownFileType = sourcecode.swift; path = CustomProgressBarView.swift; sourceTree = "<group>"; };
		611422FB29D5968300DDE6E0 /* CustomBackButton.swift */ = {isa = PBXFileReference; fileEncoding = 4; lastKnownFileType = sourcecode.swift; path = CustomBackButton.swift; sourceTree = "<group>"; };
		611422FC29D5968300DDE6E0 /* CustomBottomButton.swift */ = {isa = PBXFileReference; fileEncoding = 4; lastKnownFileType = sourcecode.swift; path = CustomBottomButton.swift; sourceTree = "<group>"; };
		611422FD29D5968300DDE6E0 /* WebsiteRequestView.swift */ = {isa = PBXFileReference; fileEncoding = 4; lastKnownFileType = sourcecode.swift; path = WebsiteRequestView.swift; sourceTree = "<group>"; };
		611422FF29D5968300DDE6E0 /* StatusModel.swift */ = {isa = PBXFileReference; fileEncoding = 4; lastKnownFileType = sourcecode.swift; path = StatusModel.swift; sourceTree = "<group>"; };
		6114230029D5968300DDE6E0 /* NoteModel.swift */ = {isa = PBXFileReference; fileEncoding = 4; lastKnownFileType = sourcecode.swift; path = NoteModel.swift; sourceTree = "<group>"; };
		6114230129D5968300DDE6E0 /* CardModel.swift */ = {isa = PBXFileReference; fileEncoding = 4; lastKnownFileType = sourcecode.swift; path = CardModel.swift; sourceTree = "<group>"; };
		6114230229D5968300DDE6E0 /* TaskModel.swift */ = {isa = PBXFileReference; fileEncoding = 4; lastKnownFileType = sourcecode.swift; path = TaskModel.swift; sourceTree = "<group>"; };
		6114230329D5968300DDE6E0 /* DropDownOptionsModel.swift */ = {isa = PBXFileReference; fileEncoding = 4; lastKnownFileType = sourcecode.swift; path = DropDownOptionsModel.swift; sourceTree = "<group>"; };
		6114230429D5968300DDE6E0 /* UserModel.swift */ = {isa = PBXFileReference; fileEncoding = 4; lastKnownFileType = sourcecode.swift; path = UserModel.swift; sourceTree = "<group>"; };
		6114230629D5968300DDE6E0 /* RecruitmentViewModel.swift */ = {isa = PBXFileReference; fileEncoding = 4; lastKnownFileType = sourcecode.swift; path = RecruitmentViewModel.swift; sourceTree = "<group>"; };
		618388D629BE512E00FF2157 /* RecruitmentModule.framework */ = {isa = PBXFileReference; explicitFileType = wrapper.framework; includeInIndex = 0; path = RecruitmentModule.framework; sourceTree = BUILT_PRODUCTS_DIR; };
		618388D929BE512E00FF2157 /* RecruitmentModule.h */ = {isa = PBXFileReference; lastKnownFileType = sourcecode.c.h; path = RecruitmentModule.h; sourceTree = "<group>"; };
		618388DE29BE512E00FF2157 /* RecruitmentModuleTests.xctest */ = {isa = PBXFileReference; explicitFileType = wrapper.cfbundle; includeInIndex = 0; path = RecruitmentModuleTests.xctest; sourceTree = BUILT_PRODUCTS_DIR; };
		618388E329BE512E00FF2157 /* RecruitmentModuleTests.swift */ = {isa = PBXFileReference; lastKnownFileType = sourcecode.swift; path = RecruitmentModuleTests.swift; sourceTree = "<group>"; };
		7E6905AC29E1C7EF00004EEA /* LogicRecr.swift */ = {isa = PBXFileReference; lastKnownFileType = sourcecode.swift; path = LogicRecr.swift; sourceTree = "<group>"; };
		7E6905B129E2B75500004EEA /* UserTestCard.swift */ = {isa = PBXFileReference; lastKnownFileType = sourcecode.swift; path = UserTestCard.swift; sourceTree = "<group>"; };
/* End PBXFileReference section */

/* Begin PBXFrameworksBuildPhase section */
		618388D329BE512E00FF2157 /* Frameworks */ = {
			isa = PBXFrameworksBuildPhase;
			buildActionMask = 2147483647;
			files = (
				7E6905B029E1C87B00004EEA /* Alamofire in Frameworks */,
			);
			runOnlyForDeploymentPostprocessing = 0;
		};
		618388DB29BE512E00FF2157 /* Frameworks */ = {
			isa = PBXFrameworksBuildPhase;
			buildActionMask = 2147483647;
			files = (
				618388DF29BE512E00FF2157 /* RecruitmentModule.framework in Frameworks */,
			);
			runOnlyForDeploymentPostprocessing = 0;
		};
/* End PBXFrameworksBuildPhase section */

/* Begin PBXGroup section */
		611422E229D5968300DDE6E0 /* View */ = {
			isa = PBXGroup;
			children = (
				611422E329D5968300DDE6E0 /* UserViews */,
				611422EF29D5968300DDE6E0 /* MainView */,
				7E6905B129E2B75500004EEA /* UserTestCard.swift */,
			);
			path = View;
			sourceTree = "<group>";
		};
		611422E329D5968300DDE6E0 /* UserViews */ = {
			isa = PBXGroup;
			children = (
				611422E429D5968300DDE6E0 /* SummaryView.swift */,
				611422E529D5968300DDE6E0 /* LogNoteView.swift */,
				611422E629D5968300DDE6E0 /* DropdownView.swift */,
				611422E729D5968300DDE6E0 /* CustomDots.swift */,
				611422E829D5968300DDE6E0 /* JobView.swift */,
				611422E929D5968300DDE6E0 /* NoteView.swift */,
				611422EA29D5968300DDE6E0 /* UserView.swift */,
				611422EB29D5968300DDE6E0 /* ScheduleView.swift */,
				611422EC29D5968300DDE6E0 /* AddScheduleView.swift */,
				611422ED29D5968300DDE6E0 /* TaskView.swift */,
				611422EE29D5968300DDE6E0 /* BottomBarView.swift */,
			);
			path = UserViews;
			sourceTree = "<group>";
		};
		611422EF29D5968300DDE6E0 /* MainView */ = {
			isa = PBXGroup;
			children = (
				611422F029D5968300DDE6E0 /* AddStatusView.swift */,
				611422F129D5968300DDE6E0 /* SubViews */,
				611422FD29D5968300DDE6E0 /* WebsiteRequestView.swift */,
			);
			path = MainView;
			sourceTree = "<group>";
		};
		611422F129D5968300DDE6E0 /* SubViews */ = {
			isa = PBXGroup;
			children = (
				611422F229D5968300DDE6E0 /* TestingPeriodView.swift */,
				611422F329D5968300DDE6E0 /* StudentView.swift */,
				611422F429D5968300DDE6E0 /* RecruitmentView.swift */,
				611422F529D5968300DDE6E0 /* InCommunicationView.swift */,
				611422F629D5968300DDE6E0 /* UserCardView.swift */,
				611422F729D5968300DDE6E0 /* BottomSheetView.swift */,
				611422F829D5968300DDE6E0 /* UserCardList.swift */,
				611422F929D5968300DDE6E0 /* UserCardScrollView.swift */,
				611422FA29D5968300DDE6E0 /* CustomProgressBarView.swift */,
				611422FB29D5968300DDE6E0 /* CustomBackButton.swift */,
				611422FC29D5968300DDE6E0 /* CustomBottomButton.swift */,
			);
			path = SubViews;
			sourceTree = "<group>";
		};
		611422FE29D5968300DDE6E0 /* Model */ = {
			isa = PBXGroup;
			children = (
				611422FF29D5968300DDE6E0 /* StatusModel.swift */,
				6114230029D5968300DDE6E0 /* NoteModel.swift */,
				6114230129D5968300DDE6E0 /* CardModel.swift */,
				6114230229D5968300DDE6E0 /* TaskModel.swift */,
				6114230329D5968300DDE6E0 /* DropDownOptionsModel.swift */,
				6114230429D5968300DDE6E0 /* UserModel.swift */,
				7E6905AC29E1C7EF00004EEA /* LogicRecr.swift */,
			);
			path = Model;
			sourceTree = "<group>";
		};
		6114230529D5968300DDE6E0 /* ViewModel */ = {
			isa = PBXGroup;
			children = (
				6114230629D5968300DDE6E0 /* RecruitmentViewModel.swift */,
			);
			path = ViewModel;
			sourceTree = "<group>";
		};
		618388CC29BE512E00FF2157 = {
			isa = PBXGroup;
			children = (
				618388D829BE512E00FF2157 /* RecruitmentModule */,
				618388E229BE512E00FF2157 /* RecruitmentModuleTests */,
				618388D729BE512E00FF2157 /* Products */,
			);
			sourceTree = "<group>";
		};
		618388D729BE512E00FF2157 /* Products */ = {
			isa = PBXGroup;
			children = (
				618388D629BE512E00FF2157 /* RecruitmentModule.framework */,
				618388DE29BE512E00FF2157 /* RecruitmentModuleTests.xctest */,
			);
			name = Products;
			sourceTree = "<group>";
		};
		618388D829BE512E00FF2157 /* RecruitmentModule */ = {
			isa = PBXGroup;
			children = (
				611422E129D5968200DDE6E0 /* RecruitmentModuleApp.swift */,
				611422E029D5968200DDE6E0 /* Assets.xcassets */,
				611422FE29D5968300DDE6E0 /* Model */,
				611422E229D5968300DDE6E0 /* View */,
				6114230529D5968300DDE6E0 /* ViewModel */,
				618388D929BE512E00FF2157 /* RecruitmentModule.h */,
			);
			path = RecruitmentModule;
			sourceTree = "<group>";
		};
		618388E229BE512E00FF2157 /* RecruitmentModuleTests */ = {
			isa = PBXGroup;
			children = (
				618388E329BE512E00FF2157 /* RecruitmentModuleTests.swift */,
			);
			path = RecruitmentModuleTests;
			sourceTree = "<group>";
		};
/* End PBXGroup section */

/* Begin PBXHeadersBuildPhase section */
		618388D129BE512E00FF2157 /* Headers */ = {
			isa = PBXHeadersBuildPhase;
			buildActionMask = 2147483647;
			files = (
				618388E529BE512E00FF2157 /* RecruitmentModule.h in Headers */,
			);
			runOnlyForDeploymentPostprocessing = 0;
		};
/* End PBXHeadersBuildPhase section */

/* Begin PBXNativeTarget section */
		618388D529BE512E00FF2157 /* RecruitmentModule */ = {
			isa = PBXNativeTarget;
			buildConfigurationList = 618388E829BE512E00FF2157 /* Build configuration list for PBXNativeTarget "RecruitmentModule" */;
			buildPhases = (
				618388D129BE512E00FF2157 /* Headers */,
				618388D229BE512E00FF2157 /* Sources */,
				618388D329BE512E00FF2157 /* Frameworks */,
				618388D429BE512E00FF2157 /* Resources */,
			);
			buildRules = (
			);
			dependencies = (
			);
			name = RecruitmentModule;
			packageProductDependencies = (
				7E6905AF29E1C87B00004EEA /* Alamofire */,
			);
			productName = RecruitmentModule;
			productReference = 618388D629BE512E00FF2157 /* RecruitmentModule.framework */;
			productType = "com.apple.product-type.framework";
		};
		618388DD29BE512E00FF2157 /* RecruitmentModuleTests */ = {
			isa = PBXNativeTarget;
			buildConfigurationList = 618388EB29BE512E00FF2157 /* Build configuration list for PBXNativeTarget "RecruitmentModuleTests" */;
			buildPhases = (
				618388DA29BE512E00FF2157 /* Sources */,
				618388DB29BE512E00FF2157 /* Frameworks */,
				618388DC29BE512E00FF2157 /* Resources */,
			);
			buildRules = (
			);
			dependencies = (
				618388E129BE512E00FF2157 /* PBXTargetDependency */,
			);
			name = RecruitmentModuleTests;
			productName = RecruitmentModuleTests;
			productReference = 618388DE29BE512E00FF2157 /* RecruitmentModuleTests.xctest */;
			productType = "com.apple.product-type.bundle.unit-test";
		};
/* End PBXNativeTarget section */

/* Begin PBXProject section */
		618388CD29BE512E00FF2157 /* Project object */ = {
			isa = PBXProject;
			attributes = {
				BuildIndependentTargetsInParallel = 1;
				LastSwiftUpdateCheck = 1420;
				LastUpgradeCheck = 1420;
				TargetAttributes = {
					618388D529BE512E00FF2157 = {
						CreatedOnToolsVersion = 14.2;
						LastSwiftMigration = 1420;
					};
					618388DD29BE512E00FF2157 = {
						CreatedOnToolsVersion = 14.2;
					};
				};
			};
			buildConfigurationList = 618388D029BE512E00FF2157 /* Build configuration list for PBXProject "RecruitmentModule" */;
			compatibilityVersion = "Xcode 14.0";
			developmentRegion = en;
			hasScannedForEncodings = 0;
			knownRegions = (
				en,
				Base,
			);
			mainGroup = 618388CC29BE512E00FF2157;
			packageReferences = (
				7E6905AE29E1C87B00004EEA /* XCRemoteSwiftPackageReference "Alamofire" */,
			);
			productRefGroup = 618388D729BE512E00FF2157 /* Products */;
			projectDirPath = "";
			projectRoot = "";
			targets = (
				618388D529BE512E00FF2157 /* RecruitmentModule */,
				618388DD29BE512E00FF2157 /* RecruitmentModuleTests */,
			);
		};
/* End PBXProject section */

/* Begin PBXResourcesBuildPhase section */
		618388D429BE512E00FF2157 /* Resources */ = {
			isa = PBXResourcesBuildPhase;
			buildActionMask = 2147483647;
			files = (
				6114230729D5968300DDE6E0 /* Assets.xcassets in Resources */,
			);
			runOnlyForDeploymentPostprocessing = 0;
		};
		618388DC29BE512E00FF2157 /* Resources */ = {
			isa = PBXResourcesBuildPhase;
			buildActionMask = 2147483647;
			files = (
			);
			runOnlyForDeploymentPostprocessing = 0;
		};
/* End PBXResourcesBuildPhase section */

/* Begin PBXSourcesBuildPhase section */
		618388D229BE512E00FF2157 /* Sources */ = {
			isa = PBXSourcesBuildPhase;
			buildActionMask = 2147483647;
			files = (
				6114230D29D5968300DDE6E0 /* JobView.swift in Sources */,
				6114232129D5968300DDE6E0 /* StatusModel.swift in Sources */,
				6114230829D5968300DDE6E0 /* RecruitmentModuleApp.swift in Sources */,
				6114231529D5968300DDE6E0 /* TestingPeriodView.swift in Sources */,
				6114231929D5968300DDE6E0 /* UserCardView.swift in Sources */,
				6114230C29D5968300DDE6E0 /* CustomDots.swift in Sources */,
				6114231329D5968300DDE6E0 /* BottomBarView.swift in Sources */,
				6114231B29D5968300DDE6E0 /* UserCardList.swift in Sources */,
				7E6905B229E2B75500004EEA /* UserTestCard.swift in Sources */,
				6114231129D5968300DDE6E0 /* AddScheduleView.swift in Sources */,
				6114230F29D5968300DDE6E0 /* UserView.swift in Sources */,
				6114232229D5968300DDE6E0 /* NoteModel.swift in Sources */,
				6114232529D5968300DDE6E0 /* DropDownOptionsModel.swift in Sources */,
				6114231829D5968300DDE6E0 /* InCommunicationView.swift in Sources */,
				6114230B29D5968300DDE6E0 /* DropdownView.swift in Sources */,
				6114231E29D5968300DDE6E0 /* CustomBackButton.swift in Sources */,
				6114232429D5968300DDE6E0 /* TaskModel.swift in Sources */,
				6114231A29D5968300DDE6E0 /* BottomSheetView.swift in Sources */,
				6114231029D5968300DDE6E0 /* ScheduleView.swift in Sources */,
				6114230929D5968300DDE6E0 /* SummaryView.swift in Sources */,
				6114232729D5968300DDE6E0 /* RecruitmentViewModel.swift in Sources */,
				6114232329D5968300DDE6E0 /* CardModel.swift in Sources */,
				6114232629D5968300DDE6E0 /* UserModel.swift in Sources */,
				6114231429D5968300DDE6E0 /* AddStatusView.swift in Sources */,
				6114230E29D5968300DDE6E0 /* NoteView.swift in Sources */,
				6114231229D5968300DDE6E0 /* TaskView.swift in Sources */,
				6114231729D5968300DDE6E0 /* RecruitmentView.swift in Sources */,
				6114231D29D5968300DDE6E0 /* CustomProgressBarView.swift in Sources */,
				6114231629D5968300DDE6E0 /* StudentView.swift in Sources */,
				6114231C29D5968300DDE6E0 /* UserCardScrollView.swift in Sources */,
				6114230A29D5968300DDE6E0 /* LogNoteView.swift in Sources */,
				7E6905AD29E1C7EF00004EEA /* LogicRecr.swift in Sources */,
				6114232029D5968300DDE6E0 /* WebsiteRequestView.swift in Sources */,
				6114231F29D5968300DDE6E0 /* CustomBottomButton.swift in Sources */,
			);
			runOnlyForDeploymentPostprocessing = 0;
		};
		618388DA29BE512E00FF2157 /* Sources */ = {
			isa = PBXSourcesBuildPhase;
			buildActionMask = 2147483647;
			files = (
				618388E429BE512E00FF2157 /* RecruitmentModuleTests.swift in Sources */,
			);
			runOnlyForDeploymentPostprocessing = 0;
		};
/* End PBXSourcesBuildPhase section */

/* Begin PBXTargetDependency section */
		618388E129BE512E00FF2157 /* PBXTargetDependency */ = {
			isa = PBXTargetDependency;
			target = 618388D529BE512E00FF2157 /* RecruitmentModule */;
			targetProxy = 618388E029BE512E00FF2157 /* PBXContainerItemProxy */;
		};
/* End PBXTargetDependency section */

/* Begin XCBuildConfiguration section */
		618388E629BE512E00FF2157 /* Debug */ = {
			isa = XCBuildConfiguration;
			buildSettings = {
				ALWAYS_SEARCH_USER_PATHS = NO;
				CLANG_ANALYZER_NONNULL = YES;
				CLANG_ANALYZER_NUMBER_OBJECT_CONVERSION = YES_AGGRESSIVE;
				CLANG_CXX_LANGUAGE_STANDARD = "gnu++20";
				CLANG_ENABLE_MODULES = YES;
				CLANG_ENABLE_OBJC_ARC = YES;
				CLANG_ENABLE_OBJC_WEAK = YES;
				CLANG_WARN_BLOCK_CAPTURE_AUTORELEASING = YES;
				CLANG_WARN_BOOL_CONVERSION = YES;
				CLANG_WARN_COMMA = YES;
				CLANG_WARN_CONSTANT_CONVERSION = YES;
				CLANG_WARN_DEPRECATED_OBJC_IMPLEMENTATIONS = YES;
				CLANG_WARN_DIRECT_OBJC_ISA_USAGE = YES_ERROR;
				CLANG_WARN_DOCUMENTATION_COMMENTS = YES;
				CLANG_WARN_EMPTY_BODY = YES;
				CLANG_WARN_ENUM_CONVERSION = YES;
				CLANG_WARN_INFINITE_RECURSION = YES;
				CLANG_WARN_INT_CONVERSION = YES;
				CLANG_WARN_NON_LITERAL_NULL_CONVERSION = YES;
				CLANG_WARN_OBJC_IMPLICIT_RETAIN_SELF = YES;
				CLANG_WARN_OBJC_LITERAL_CONVERSION = YES;
				CLANG_WARN_OBJC_ROOT_CLASS = YES_ERROR;
				CLANG_WARN_QUOTED_INCLUDE_IN_FRAMEWORK_HEADER = YES;
				CLANG_WARN_RANGE_LOOP_ANALYSIS = YES;
				CLANG_WARN_STRICT_PROTOTYPES = YES;
				CLANG_WARN_SUSPICIOUS_MOVE = YES;
				CLANG_WARN_UNGUARDED_AVAILABILITY = YES_AGGRESSIVE;
				CLANG_WARN_UNREACHABLE_CODE = YES;
				CLANG_WARN__DUPLICATE_METHOD_MATCH = YES;
				COPY_PHASE_STRIP = NO;
				CURRENT_PROJECT_VERSION = 1;
				DEBUG_INFORMATION_FORMAT = dwarf;
				ENABLE_STRICT_OBJC_MSGSEND = YES;
				ENABLE_TESTABILITY = YES;
				GCC_C_LANGUAGE_STANDARD = gnu11;
				GCC_DYNAMIC_NO_PIC = NO;
				GCC_NO_COMMON_BLOCKS = YES;
				GCC_OPTIMIZATION_LEVEL = 0;
				GCC_PREPROCESSOR_DEFINITIONS = (
					"DEBUG=1",
					"$(inherited)",
				);
				GCC_WARN_64_TO_32_BIT_CONVERSION = YES;
				GCC_WARN_ABOUT_RETURN_TYPE = YES_ERROR;
				GCC_WARN_UNDECLARED_SELECTOR = YES;
				GCC_WARN_UNINITIALIZED_AUTOS = YES_AGGRESSIVE;
				GCC_WARN_UNUSED_FUNCTION = YES;
				GCC_WARN_UNUSED_VARIABLE = YES;
				IPHONEOS_DEPLOYMENT_TARGET = 16.2;
				MTL_ENABLE_DEBUG_INFO = INCLUDE_SOURCE;
				MTL_FAST_MATH = YES;
				ONLY_ACTIVE_ARCH = YES;
				SDKROOT = iphoneos;
				SWIFT_ACTIVE_COMPILATION_CONDITIONS = DEBUG;
				SWIFT_OPTIMIZATION_LEVEL = "-Onone";
				VERSIONING_SYSTEM = "apple-generic";
				VERSION_INFO_PREFIX = "";
			};
			name = Debug;
		};
		618388E729BE512E00FF2157 /* Release */ = {
			isa = XCBuildConfiguration;
			buildSettings = {
				ALWAYS_SEARCH_USER_PATHS = NO;
				CLANG_ANALYZER_NONNULL = YES;
				CLANG_ANALYZER_NUMBER_OBJECT_CONVERSION = YES_AGGRESSIVE;
				CLANG_CXX_LANGUAGE_STANDARD = "gnu++20";
				CLANG_ENABLE_MODULES = YES;
				CLANG_ENABLE_OBJC_ARC = YES;
				CLANG_ENABLE_OBJC_WEAK = YES;
				CLANG_WARN_BLOCK_CAPTURE_AUTORELEASING = YES;
				CLANG_WARN_BOOL_CONVERSION = YES;
				CLANG_WARN_COMMA = YES;
				CLANG_WARN_CONSTANT_CONVERSION = YES;
				CLANG_WARN_DEPRECATED_OBJC_IMPLEMENTATIONS = YES;
				CLANG_WARN_DIRECT_OBJC_ISA_USAGE = YES_ERROR;
				CLANG_WARN_DOCUMENTATION_COMMENTS = YES;
				CLANG_WARN_EMPTY_BODY = YES;
				CLANG_WARN_ENUM_CONVERSION = YES;
				CLANG_WARN_INFINITE_RECURSION = YES;
				CLANG_WARN_INT_CONVERSION = YES;
				CLANG_WARN_NON_LITERAL_NULL_CONVERSION = YES;
				CLANG_WARN_OBJC_IMPLICIT_RETAIN_SELF = YES;
				CLANG_WARN_OBJC_LITERAL_CONVERSION = YES;
				CLANG_WARN_OBJC_ROOT_CLASS = YES_ERROR;
				CLANG_WARN_QUOTED_INCLUDE_IN_FRAMEWORK_HEADER = YES;
				CLANG_WARN_RANGE_LOOP_ANALYSIS = YES;
				CLANG_WARN_STRICT_PROTOTYPES = YES;
				CLANG_WARN_SUSPICIOUS_MOVE = YES;
				CLANG_WARN_UNGUARDED_AVAILABILITY = YES_AGGRESSIVE;
				CLANG_WARN_UNREACHABLE_CODE = YES;
				CLANG_WARN__DUPLICATE_METHOD_MATCH = YES;
				COPY_PHASE_STRIP = NO;
				CURRENT_PROJECT_VERSION = 1;
				DEBUG_INFORMATION_FORMAT = "dwarf-with-dsym";
				ENABLE_NS_ASSERTIONS = NO;
				ENABLE_STRICT_OBJC_MSGSEND = YES;
				GCC_C_LANGUAGE_STANDARD = gnu11;
				GCC_NO_COMMON_BLOCKS = YES;
				GCC_WARN_64_TO_32_BIT_CONVERSION = YES;
				GCC_WARN_ABOUT_RETURN_TYPE = YES_ERROR;
				GCC_WARN_UNDECLARED_SELECTOR = YES;
				GCC_WARN_UNINITIALIZED_AUTOS = YES_AGGRESSIVE;
				GCC_WARN_UNUSED_FUNCTION = YES;
				GCC_WARN_UNUSED_VARIABLE = YES;
				IPHONEOS_DEPLOYMENT_TARGET = 16.2;
				MTL_ENABLE_DEBUG_INFO = NO;
				MTL_FAST_MATH = YES;
				SDKROOT = iphoneos;
				SWIFT_COMPILATION_MODE = wholemodule;
				SWIFT_OPTIMIZATION_LEVEL = "-O";
				VALIDATE_PRODUCT = YES;
				VERSIONING_SYSTEM = "apple-generic";
				VERSION_INFO_PREFIX = "";
			};
			name = Release;
		};
		618388E929BE512E00FF2157 /* Debug */ = {
			isa = XCBuildConfiguration;
			buildSettings = {
				CLANG_ENABLE_MODULES = YES;
				CODE_SIGN_STYLE = Automatic;
				CURRENT_PROJECT_VERSION = 1;
				DEFINES_MODULE = YES;
				DEVELOPMENT_TEAM = YN4CY38HR3;
				DYLIB_COMPATIBILITY_VERSION = 1;
				DYLIB_CURRENT_VERSION = 1;
				DYLIB_INSTALL_NAME_BASE = "@rpath";
				GENERATE_INFOPLIST_FILE = YES;
				INFOPLIST_KEY_NSHumanReadableCopyright = "";
				INSTALL_PATH = "$(LOCAL_LIBRARY_DIR)/Frameworks";
				IPHONEOS_DEPLOYMENT_TARGET = 15.0;
				LD_RUNPATH_SEARCH_PATHS = (
					"$(inherited)",
					"@executable_path/Frameworks",
					"@loader_path/Frameworks",
				);
				MARKETING_VERSION = 1.0;
				PRODUCT_BUNDLE_IDENTIFIER = Recruitment.RecruitmentModule;
				PRODUCT_NAME = "$(TARGET_NAME:c99extidentifier)";
				SKIP_INSTALL = YES;
				SUPPORTED_PLATFORMS = "iphoneos iphonesimulator";
				SUPPORTS_MACCATALYST = NO;
				SUPPORTS_MAC_DESIGNED_FOR_IPHONE_IPAD = YES;
				SWIFT_EMIT_LOC_STRINGS = YES;
				SWIFT_OPTIMIZATION_LEVEL = "-Onone";
				SWIFT_VERSION = 5.0;
				TARGETED_DEVICE_FAMILY = "1,2";
			};
			name = Debug;
		};
		618388EA29BE512E00FF2157 /* Release */ = {
			isa = XCBuildConfiguration;
			buildSettings = {
				CLANG_ENABLE_MODULES = YES;
				CODE_SIGN_STYLE = Automatic;
				CURRENT_PROJECT_VERSION = 1;
				DEFINES_MODULE = YES;
				DEVELOPMENT_TEAM = YN4CY38HR3;
				DYLIB_COMPATIBILITY_VERSION = 1;
				DYLIB_CURRENT_VERSION = 1;
				DYLIB_INSTALL_NAME_BASE = "@rpath";
				GENERATE_INFOPLIST_FILE = YES;
				INFOPLIST_KEY_NSHumanReadableCopyright = "";
				INSTALL_PATH = "$(LOCAL_LIBRARY_DIR)/Frameworks";
				IPHONEOS_DEPLOYMENT_TARGET = 15.0;
				LD_RUNPATH_SEARCH_PATHS = (
					"$(inherited)",
					"@executable_path/Frameworks",
					"@loader_path/Frameworks",
				);
				MARKETING_VERSION = 1.0;
				PRODUCT_BUNDLE_IDENTIFIER = Recruitment.RecruitmentModule;
				PRODUCT_NAME = "$(TARGET_NAME:c99extidentifier)";
				SKIP_INSTALL = YES;
				SUPPORTED_PLATFORMS = "iphoneos iphonesimulator";
				SUPPORTS_MACCATALYST = NO;
				SUPPORTS_MAC_DESIGNED_FOR_IPHONE_IPAD = YES;
				SWIFT_EMIT_LOC_STRINGS = YES;
				SWIFT_VERSION = 5.0;
				TARGETED_DEVICE_FAMILY = "1,2";
			};
			name = Release;
		};
		618388EC29BE512E00FF2157 /* Debug */ = {
			isa = XCBuildConfiguration;
			buildSettings = {
				ALWAYS_EMBED_SWIFT_STANDARD_LIBRARIES = YES;
				CODE_SIGN_STYLE = Automatic;
				CURRENT_PROJECT_VERSION = 1;
				DEVELOPMENT_TEAM = YN4CY38HR3;
				GENERATE_INFOPLIST_FILE = YES;
				MARKETING_VERSION = 1.0;
				PRODUCT_BUNDLE_IDENTIFIER = Recruitment.RecruitmentModuleTests;
				PRODUCT_NAME = "$(TARGET_NAME)";
				SWIFT_EMIT_LOC_STRINGS = NO;
				SWIFT_VERSION = 5.0;
				TARGETED_DEVICE_FAMILY = "1,2";
			};
			name = Debug;
		};
		618388ED29BE512E00FF2157 /* Release */ = {
			isa = XCBuildConfiguration;
			buildSettings = {
				ALWAYS_EMBED_SWIFT_STANDARD_LIBRARIES = YES;
				CODE_SIGN_STYLE = Automatic;
				CURRENT_PROJECT_VERSION = 1;
				DEVELOPMENT_TEAM = YN4CY38HR3;
				GENERATE_INFOPLIST_FILE = YES;
				MARKETING_VERSION = 1.0;
				PRODUCT_BUNDLE_IDENTIFIER = Recruitment.RecruitmentModuleTests;
				PRODUCT_NAME = "$(TARGET_NAME)";
				SWIFT_EMIT_LOC_STRINGS = NO;
				SWIFT_VERSION = 5.0;
				TARGETED_DEVICE_FAMILY = "1,2";
			};
			name = Release;
		};
/* End XCBuildConfiguration section */

/* Begin XCConfigurationList section */
		618388D029BE512E00FF2157 /* Build configuration list for PBXProject "RecruitmentModule" */ = {
			isa = XCConfigurationList;
			buildConfigurations = (
				618388E629BE512E00FF2157 /* Debug */,
				618388E729BE512E00FF2157 /* Release */,
			);
			defaultConfigurationIsVisible = 0;
			defaultConfigurationName = Release;
		};
		618388E829BE512E00FF2157 /* Build configuration list for PBXNativeTarget "RecruitmentModule" */ = {
			isa = XCConfigurationList;
			buildConfigurations = (
				618388E929BE512E00FF2157 /* Debug */,
				618388EA29BE512E00FF2157 /* Release */,
			);
			defaultConfigurationIsVisible = 0;
			defaultConfigurationName = Release;
		};
		618388EB29BE512E00FF2157 /* Build configuration list for PBXNativeTarget "RecruitmentModuleTests" */ = {
			isa = XCConfigurationList;
			buildConfigurations = (
				618388EC29BE512E00FF2157 /* Debug */,
				618388ED29BE512E00FF2157 /* Release */,
			);
			defaultConfigurationIsVisible = 0;
			defaultConfigurationName = Release;
		};
/* End XCConfigurationList section */

/* Begin XCRemoteSwiftPackageReference section */
		7E6905AE29E1C87B00004EEA /* XCRemoteSwiftPackageReference "Alamofire" */ = {
			isa = XCRemoteSwiftPackageReference;
			repositoryURL = "https://github.com/Alamofire/Alamofire";
			requirement = {
				kind = upToNextMajorVersion;
				minimumVersion = 5.0.0;
			};
		};
/* End XCRemoteSwiftPackageReference section */

/* Begin XCSwiftPackageProductDependency section */
		7E6905AF29E1C87B00004EEA /* Alamofire */ = {
			isa = XCSwiftPackageProductDependency;
			package = 7E6905AE29E1C87B00004EEA /* XCRemoteSwiftPackageReference "Alamofire" */;
			productName = Alamofire;
		};
/* End XCSwiftPackageProductDependency section */
	};
	rootObject = 618388CD29BE512E00FF2157 /* Project object */;
}
