// !$*UTF8*$!
{
	archiveVersion = 1;
	classes = {
	};
	objectVersion = 56;
	objects = {

/* Begin PBXBuildFile section */
		6114232D29D5986D00DDE6E0 /* Assets.xcassets in Resources */ = {isa = PBXBuildFile; fileRef = 6114232C29D5986D00DDE6E0 /* Assets.xcassets */; };
		617FDEA729C74B1400B89D68 /* CRMApp.swift in Sources */ = {isa = PBXBuildFile; fileRef = 617FDEA629C74B1400B89D68 /* CRMApp.swift */; };
		617FDEAC29C74B6F00B89D68 /* StatusView.swift in Sources */ = {isa = PBXBuildFile; fileRef = 617FDEAB29C74B6F00B89D68 /* StatusView.swift */; };
		617FDEBD29C74B9E00B89D68 /* GeneralInformationView.swift in Sources */ = {isa = PBXBuildFile; fileRef = 617FDEAD29C74B9B00B89D68 /* GeneralInformationView.swift */; };
		617FDEBE29C74B9E00B89D68 /* NoteView.swift in Sources */ = {isa = PBXBuildFile; fileRef = 617FDEAE29C74B9B00B89D68 /* NoteView.swift */; };
		617FDEBF29C74B9E00B89D68 /* BottomSheetView.swift in Sources */ = {isa = PBXBuildFile; fileRef = 617FDEAF29C74B9C00B89D68 /* BottomSheetView.swift */; };
		617FDEC029C74B9E00B89D68 /* CustomBottomButton.swift in Sources */ = {isa = PBXBuildFile; fileRef = 617FDEB029C74B9C00B89D68 /* CustomBottomButton.swift */; };
		617FDEC129C74B9E00B89D68 /* AddStatusView.swift in Sources */ = {isa = PBXBuildFile; fileRef = 617FDEB129C74B9C00B89D68 /* AddStatusView.swift */; };
		617FDEC229C74B9E00B89D68 /* DropdownView.swift in Sources */ = {isa = PBXBuildFile; fileRef = 617FDEB229C74B9C00B89D68 /* DropdownView.swift */; };
		617FDEC329C74B9E00B89D68 /* CustomProgressbarView.swift in Sources */ = {isa = PBXBuildFile; fileRef = 617FDEB329C74B9C00B89D68 /* CustomProgressbarView.swift */; };
		617FDEC429C74B9E00B89D68 /* TaskCardView.swift in Sources */ = {isa = PBXBuildFile; fileRef = 617FDEB429C74B9C00B89D68 /* TaskCardView.swift */; };
		617FDEC529C74B9E00B89D68 /* ScheduleView.swift in Sources */ = {isa = PBXBuildFile; fileRef = 617FDEB529C74B9D00B89D68 /* ScheduleView.swift */; };
		617FDEC629C74B9F00B89D68 /* CarouselModulesView.swift in Sources */ = {isa = PBXBuildFile; fileRef = 617FDEB629C74B9D00B89D68 /* CarouselModulesView.swift */; };
		617FDEC729C74B9F00B89D68 /* TaskView.swift in Sources */ = {isa = PBXBuildFile; fileRef = 617FDEB729C74B9D00B89D68 /* TaskView.swift */; };
		617FDEC829C74B9F00B89D68 /* NoSearchView.swift in Sources */ = {isa = PBXBuildFile; fileRef = 617FDEB829C74B9E00B89D68 /* NoSearchView.swift */; };
		617FDEC929C74B9F00B89D68 /* ScheduleListView.swift in Sources */ = {isa = PBXBuildFile; fileRef = 617FDEB929C74B9E00B89D68 /* ScheduleListView.swift */; };
		617FDECA29C74B9F00B89D68 /* SummaryView.swift in Sources */ = {isa = PBXBuildFile; fileRef = 617FDEBA29C74B9E00B89D68 /* SummaryView.swift */; };
		617FDECB29C74B9F00B89D68 /* AddScheduleView.swift in Sources */ = {isa = PBXBuildFile; fileRef = 617FDEBB29C74B9E00B89D68 /* AddScheduleView.swift */; };
		617FDECC29C74B9F00B89D68 /* LogNoteView.swift in Sources */ = {isa = PBXBuildFile; fileRef = 617FDEBC29C74B9E00B89D68 /* LogNoteView.swift */; };
		617FDED329C74BB400B89D68 /* TaskModel.swift in Sources */ = {isa = PBXBuildFile; fileRef = 617FDECD29C74BB300B89D68 /* TaskModel.swift */; };
		617FDED429C74BB400B89D68 /* UserModel.swift in Sources */ = {isa = PBXBuildFile; fileRef = 617FDECE29C74BB300B89D68 /* UserModel.swift */; };
		617FDED529C74BB400B89D68 /* NoteModel.swift in Sources */ = {isa = PBXBuildFile; fileRef = 617FDECF29C74BB300B89D68 /* NoteModel.swift */; };
		617FDED629C74BB400B89D68 /* DropDownOptionsModel.swift in Sources */ = {isa = PBXBuildFile; fileRef = 617FDED029C74BB300B89D68 /* DropDownOptionsModel.swift */; };
		617FDED729C74BB400B89D68 /* StatusModel.swift in Sources */ = {isa = PBXBuildFile; fileRef = 617FDED129C74BB300B89D68 /* StatusModel.swift */; };
		617FDED829C74BB400B89D68 /* CardModel.swift in Sources */ = {isa = PBXBuildFile; fileRef = 617FDED229C74BB300B89D68 /* CardModel.swift */; };
		617FDEDA29C74BBE00B89D68 /* StatusViewModel.swift in Sources */ = {isa = PBXBuildFile; fileRef = 617FDED929C74BBE00B89D68 /* StatusViewModel.swift */; };
		6183890129BE515800FF2157 /* CRMModule.framework in Frameworks */ = {isa = PBXBuildFile; fileRef = 618388F829BE515800FF2157 /* CRMModule.framework */; };
		6183890629BE515800FF2157 /* CRMModuleTests.swift in Sources */ = {isa = PBXBuildFile; fileRef = 6183890529BE515800FF2157 /* CRMModuleTests.swift */; };
		6183890729BE515800FF2157 /* CRMModule.h in Headers */ = {isa = PBXBuildFile; fileRef = 618388FB29BE515800FF2157 /* CRMModule.h */; settings = {ATTRIBUTES = (Public, ); }; };
/* End PBXBuildFile section */

/* Begin PBXContainerItemProxy section */
		6183890229BE515800FF2157 /* PBXContainerItemProxy */ = {
			isa = PBXContainerItemProxy;
			containerPortal = 618388EF29BE515800FF2157 /* Project object */;
			proxyType = 1;
			remoteGlobalIDString = 618388F729BE515800FF2157;
			remoteInfo = CRMModule;
		};
/* End PBXContainerItemProxy section */

/* Begin PBXFileReference section */
		6114232C29D5986D00DDE6E0 /* Assets.xcassets */ = {isa = PBXFileReference; lastKnownFileType = folder.assetcatalog; path = Assets.xcassets; sourceTree = "<group>"; };
		617FDEA629C74B1400B89D68 /* CRMApp.swift */ = {isa = PBXFileReference; lastKnownFileType = sourcecode.swift; path = CRMApp.swift; sourceTree = "<group>"; };
		617FDEAB29C74B6F00B89D68 /* StatusView.swift */ = {isa = PBXFileReference; fileEncoding = 4; lastKnownFileType = sourcecode.swift; path = StatusView.swift; sourceTree = "<group>"; };
		617FDEAD29C74B9B00B89D68 /* GeneralInformationView.swift */ = {isa = PBXFileReference; fileEncoding = 4; lastKnownFileType = sourcecode.swift; path = GeneralInformationView.swift; sourceTree = "<group>"; };
		617FDEAE29C74B9B00B89D68 /* NoteView.swift */ = {isa = PBXFileReference; fileEncoding = 4; lastKnownFileType = sourcecode.swift; path = NoteView.swift; sourceTree = "<group>"; };
		617FDEAF29C74B9C00B89D68 /* BottomSheetView.swift */ = {isa = PBXFileReference; fileEncoding = 4; lastKnownFileType = sourcecode.swift; path = BottomSheetView.swift; sourceTree = "<group>"; };
		617FDEB029C74B9C00B89D68 /* CustomBottomButton.swift */ = {isa = PBXFileReference; fileEncoding = 4; lastKnownFileType = sourcecode.swift; path = CustomBottomButton.swift; sourceTree = "<group>"; };
		617FDEB129C74B9C00B89D68 /* AddStatusView.swift */ = {isa = PBXFileReference; fileEncoding = 4; lastKnownFileType = sourcecode.swift; path = AddStatusView.swift; sourceTree = "<group>"; };
		617FDEB229C74B9C00B89D68 /* DropdownView.swift */ = {isa = PBXFileReference; fileEncoding = 4; lastKnownFileType = sourcecode.swift; path = DropdownView.swift; sourceTree = "<group>"; };
		617FDEB329C74B9C00B89D68 /* CustomProgressbarView.swift */ = {isa = PBXFileReference; fileEncoding = 4; lastKnownFileType = sourcecode.swift; path = CustomProgressbarView.swift; sourceTree = "<group>"; };
		617FDEB429C74B9C00B89D68 /* TaskCardView.swift */ = {isa = PBXFileReference; fileEncoding = 4; lastKnownFileType = sourcecode.swift; path = TaskCardView.swift; sourceTree = "<group>"; };
		617FDEB529C74B9D00B89D68 /* ScheduleView.swift */ = {isa = PBXFileReference; fileEncoding = 4; lastKnownFileType = sourcecode.swift; path = ScheduleView.swift; sourceTree = "<group>"; };
		617FDEB629C74B9D00B89D68 /* CarouselModulesView.swift */ = {isa = PBXFileReference; fileEncoding = 4; lastKnownFileType = sourcecode.swift; path = CarouselModulesView.swift; sourceTree = "<group>"; };
		617FDEB729C74B9D00B89D68 /* TaskView.swift */ = {isa = PBXFileReference; fileEncoding = 4; lastKnownFileType = sourcecode.swift; path = TaskView.swift; sourceTree = "<group>"; };
		617FDEB829C74B9E00B89D68 /* NoSearchView.swift */ = {isa = PBXFileReference; fileEncoding = 4; lastKnownFileType = sourcecode.swift; path = NoSearchView.swift; sourceTree = "<group>"; };
		617FDEB929C74B9E00B89D68 /* ScheduleListView.swift */ = {isa = PBXFileReference; fileEncoding = 4; lastKnownFileType = sourcecode.swift; path = ScheduleListView.swift; sourceTree = "<group>"; };
		617FDEBA29C74B9E00B89D68 /* SummaryView.swift */ = {isa = PBXFileReference; fileEncoding = 4; lastKnownFileType = sourcecode.swift; path = SummaryView.swift; sourceTree = "<group>"; };
		617FDEBB29C74B9E00B89D68 /* AddScheduleView.swift */ = {isa = PBXFileReference; fileEncoding = 4; lastKnownFileType = sourcecode.swift; path = AddScheduleView.swift; sourceTree = "<group>"; };
		617FDEBC29C74B9E00B89D68 /* LogNoteView.swift */ = {isa = PBXFileReference; fileEncoding = 4; lastKnownFileType = sourcecode.swift; path = LogNoteView.swift; sourceTree = "<group>"; };
		617FDECD29C74BB300B89D68 /* TaskModel.swift */ = {isa = PBXFileReference; fileEncoding = 4; lastKnownFileType = sourcecode.swift; path = TaskModel.swift; sourceTree = "<group>"; };
		617FDECE29C74BB300B89D68 /* UserModel.swift */ = {isa = PBXFileReference; fileEncoding = 4; lastKnownFileType = sourcecode.swift; path = UserModel.swift; sourceTree = "<group>"; };
		617FDECF29C74BB300B89D68 /* NoteModel.swift */ = {isa = PBXFileReference; fileEncoding = 4; lastKnownFileType = sourcecode.swift; path = NoteModel.swift; sourceTree = "<group>"; };
		617FDED029C74BB300B89D68 /* DropDownOptionsModel.swift */ = {isa = PBXFileReference; fileEncoding = 4; lastKnownFileType = sourcecode.swift; path = DropDownOptionsModel.swift; sourceTree = "<group>"; };
		617FDED129C74BB300B89D68 /* StatusModel.swift */ = {isa = PBXFileReference; fileEncoding = 4; lastKnownFileType = sourcecode.swift; path = StatusModel.swift; sourceTree = "<group>"; };
		617FDED229C74BB300B89D68 /* CardModel.swift */ = {isa = PBXFileReference; fileEncoding = 4; lastKnownFileType = sourcecode.swift; path = CardModel.swift; sourceTree = "<group>"; };
		617FDED929C74BBE00B89D68 /* StatusViewModel.swift */ = {isa = PBXFileReference; fileEncoding = 4; lastKnownFileType = sourcecode.swift; path = StatusViewModel.swift; sourceTree = "<group>"; };
		618388F829BE515800FF2157 /* CRMModule.framework */ = {isa = PBXFileReference; explicitFileType = wrapper.framework; includeInIndex = 0; path = CRMModule.framework; sourceTree = BUILT_PRODUCTS_DIR; };
		618388FB29BE515800FF2157 /* CRMModule.h */ = {isa = PBXFileReference; lastKnownFileType = sourcecode.c.h; path = CRMModule.h; sourceTree = "<group>"; };
		6183890029BE515800FF2157 /* CRMModuleTests.xctest */ = {isa = PBXFileReference; explicitFileType = wrapper.cfbundle; includeInIndex = 0; path = CRMModuleTests.xctest; sourceTree = BUILT_PRODUCTS_DIR; };
		6183890529BE515800FF2157 /* CRMModuleTests.swift */ = {isa = PBXFileReference; lastKnownFileType = sourcecode.swift; path = CRMModuleTests.swift; sourceTree = "<group>"; };
/* End PBXFileReference section */

/* Begin PBXFrameworksBuildPhase section */
		618388F529BE515800FF2157 /* Frameworks */ = {
			isa = PBXFrameworksBuildPhase;
			buildActionMask = 2147483647;
			files = (
			);
			runOnlyForDeploymentPostprocessing = 0;
		};
		618388FD29BE515800FF2157 /* Frameworks */ = {
			isa = PBXFrameworksBuildPhase;
			buildActionMask = 2147483647;
			files = (
				6183890129BE515800FF2157 /* CRMModule.framework in Frameworks */,
			);
			runOnlyForDeploymentPostprocessing = 0;
		};
/* End PBXFrameworksBuildPhase section */

/* Begin PBXGroup section */
		617FDEA829C74B2100B89D68 /* View */ = {
			isa = PBXGroup;
			children = (
				617FDEAB29C74B6F00B89D68 /* StatusView.swift */,
				617FDEBB29C74B9E00B89D68 /* AddScheduleView.swift */,
				617FDEB129C74B9C00B89D68 /* AddStatusView.swift */,
				617FDEAF29C74B9C00B89D68 /* BottomSheetView.swift */,
				617FDEB629C74B9D00B89D68 /* CarouselModulesView.swift */,
				617FDEB029C74B9C00B89D68 /* CustomBottomButton.swift */,
				617FDEB329C74B9C00B89D68 /* CustomProgressbarView.swift */,
				617FDEB229C74B9C00B89D68 /* DropdownView.swift */,
				617FDEAD29C74B9B00B89D68 /* GeneralInformationView.swift */,
				617FDEBC29C74B9E00B89D68 /* LogNoteView.swift */,
				617FDEB829C74B9E00B89D68 /* NoSearchView.swift */,
				617FDEAE29C74B9B00B89D68 /* NoteView.swift */,
				617FDEB929C74B9E00B89D68 /* ScheduleListView.swift */,
				617FDEB529C74B9D00B89D68 /* ScheduleView.swift */,
				617FDEBA29C74B9E00B89D68 /* SummaryView.swift */,
				617FDEB429C74B9C00B89D68 /* TaskCardView.swift */,
				617FDEB729C74B9D00B89D68 /* TaskView.swift */,
			);
			path = View;
			sourceTree = "<group>";
		};
		617FDEA929C74B3800B89D68 /* Model */ = {
			isa = PBXGroup;
			children = (
				617FDED229C74BB300B89D68 /* CardModel.swift */,
				617FDED029C74BB300B89D68 /* DropDownOptionsModel.swift */,
				617FDECF29C74BB300B89D68 /* NoteModel.swift */,
				617FDED129C74BB300B89D68 /* StatusModel.swift */,
				617FDECD29C74BB300B89D68 /* TaskModel.swift */,
				617FDECE29C74BB300B89D68 /* UserModel.swift */,
			);
			path = Model;
			sourceTree = "<group>";
		};
		617FDEAA29C74B3F00B89D68 /* ViewModel */ = {
			isa = PBXGroup;
			children = (
				617FDED929C74BBE00B89D68 /* StatusViewModel.swift */,
			);
			path = ViewModel;
			sourceTree = "<group>";
		};
		618388EE29BE515800FF2157 = {
			isa = PBXGroup;
			children = (
				6114232C29D5986D00DDE6E0 /* Assets.xcassets */,
				617FDEAA29C74B3F00B89D68 /* ViewModel */,
				617FDEA929C74B3800B89D68 /* Model */,
				617FDEA829C74B2100B89D68 /* View */,
				617FDEA629C74B1400B89D68 /* CRMApp.swift */,
				618388FA29BE515800FF2157 /* CRMModule */,
				6183890429BE515800FF2157 /* CRMModuleTests */,
				618388F929BE515800FF2157 /* Products */,
			);
			sourceTree = "<group>";
		};
		618388F929BE515800FF2157 /* Products */ = {
			isa = PBXGroup;
			children = (
				618388F829BE515800FF2157 /* CRMModule.framework */,
				6183890029BE515800FF2157 /* CRMModuleTests.xctest */,
			);
			name = Products;
			sourceTree = "<group>";
		};
		618388FA29BE515800FF2157 /* CRMModule */ = {
			isa = PBXGroup;
			children = (
				618388FB29BE515800FF2157 /* CRMModule.h */,
			);
			path = CRMModule;
			sourceTree = "<group>";
		};
		6183890429BE515800FF2157 /* CRMModuleTests */ = {
			isa = PBXGroup;
			children = (
				6183890529BE515800FF2157 /* CRMModuleTests.swift */,
			);
			path = CRMModuleTests;
			sourceTree = "<group>";
		};
/* End PBXGroup section */

/* Begin PBXHeadersBuildPhase section */
		618388F329BE515800FF2157 /* Headers */ = {
			isa = PBXHeadersBuildPhase;
			buildActionMask = 2147483647;
			files = (
				6183890729BE515800FF2157 /* CRMModule.h in Headers */,
			);
			runOnlyForDeploymentPostprocessing = 0;
		};
/* End PBXHeadersBuildPhase section */

/* Begin PBXNativeTarget section */
		618388F729BE515800FF2157 /* CRMModule */ = {
			isa = PBXNativeTarget;
			buildConfigurationList = 6183890A29BE515800FF2157 /* Build configuration list for PBXNativeTarget "CRMModule" */;
			buildPhases = (
				618388F329BE515800FF2157 /* Headers */,
				618388F429BE515800FF2157 /* Sources */,
				618388F529BE515800FF2157 /* Frameworks */,
				618388F629BE515800FF2157 /* Resources */,
			);
			buildRules = (
			);
			dependencies = (
			);
			name = CRMModule;
			productName = CRMModule;
			productReference = 618388F829BE515800FF2157 /* CRMModule.framework */;
			productType = "com.apple.product-type.framework";
		};
		618388FF29BE515800FF2157 /* CRMModuleTests */ = {
			isa = PBXNativeTarget;
			buildConfigurationList = 6183890D29BE515800FF2157 /* Build configuration list for PBXNativeTarget "CRMModuleTests" */;
			buildPhases = (
				618388FC29BE515800FF2157 /* Sources */,
				618388FD29BE515800FF2157 /* Frameworks */,
				618388FE29BE515800FF2157 /* Resources */,
			);
			buildRules = (
			);
			dependencies = (
				6183890329BE515800FF2157 /* PBXTargetDependency */,
			);
			name = CRMModuleTests;
			productName = CRMModuleTests;
			productReference = 6183890029BE515800FF2157 /* CRMModuleTests.xctest */;
			productType = "com.apple.product-type.bundle.unit-test";
		};
/* End PBXNativeTarget section */

/* Begin PBXProject section */
		618388EF29BE515800FF2157 /* Project object */ = {
			isa = PBXProject;
			attributes = {
				BuildIndependentTargetsInParallel = 1;
				LastSwiftUpdateCheck = 1420;
				LastUpgradeCheck = 1420;
				TargetAttributes = {
					618388F729BE515800FF2157 = {
						CreatedOnToolsVersion = 14.2;
						LastSwiftMigration = 1420;
					};
					618388FF29BE515800FF2157 = {
						CreatedOnToolsVersion = 14.2;
					};
				};
			};
			buildConfigurationList = 618388F229BE515800FF2157 /* Build configuration list for PBXProject "CRMModule" */;
			compatibilityVersion = "Xcode 14.0";
			developmentRegion = en;
			hasScannedForEncodings = 0;
			knownRegions = (
				en,
				Base,
			);
			mainGroup = 618388EE29BE515800FF2157;
			productRefGroup = 618388F929BE515800FF2157 /* Products */;
			projectDirPath = "";
			projectRoot = "";
			targets = (
				618388F729BE515800FF2157 /* CRMModule */,
				618388FF29BE515800FF2157 /* CRMModuleTests */,
			);
		};
/* End PBXProject section */

/* Begin PBXResourcesBuildPhase section */
		618388F629BE515800FF2157 /* Resources */ = {
			isa = PBXResourcesBuildPhase;
			buildActionMask = 2147483647;
			files = (
				6114232D29D5986D00DDE6E0 /* Assets.xcassets in Resources */,
			);
			runOnlyForDeploymentPostprocessing = 0;
		};
		618388FE29BE515800FF2157 /* Resources */ = {
			isa = PBXResourcesBuildPhase;
			buildActionMask = 2147483647;
			files = (
			);
			runOnlyForDeploymentPostprocessing = 0;
		};
/* End PBXResourcesBuildPhase section */

/* Begin PBXSourcesBuildPhase section */
		618388F429BE515800FF2157 /* Sources */ = {
			isa = PBXSourcesBuildPhase;
			buildActionMask = 2147483647;
			files = (
				617FDEC929C74B9F00B89D68 /* ScheduleListView.swift in Sources */,
				617FDEBD29C74B9E00B89D68 /* GeneralInformationView.swift in Sources */,
				617FDEC829C74B9F00B89D68 /* NoSearchView.swift in Sources */,
				617FDED629C74BB400B89D68 /* DropDownOptionsModel.swift in Sources */,
				617FDEC329C74B9E00B89D68 /* CustomProgressbarView.swift in Sources */,
				617FDED829C74BB400B89D68 /* CardModel.swift in Sources */,
				617FDEBF29C74B9E00B89D68 /* BottomSheetView.swift in Sources */,
				617FDED329C74BB400B89D68 /* TaskModel.swift in Sources */,
				617FDECA29C74B9F00B89D68 /* SummaryView.swift in Sources */,
				617FDEAC29C74B6F00B89D68 /* StatusView.swift in Sources */,
				617FDEBE29C74B9E00B89D68 /* NoteView.swift in Sources */,
				617FDECB29C74B9F00B89D68 /* AddScheduleView.swift in Sources */,
				617FDED529C74BB400B89D68 /* NoteModel.swift in Sources */,
				617FDEC429C74B9E00B89D68 /* TaskCardView.swift in Sources */,
				617FDEC629C74B9F00B89D68 /* CarouselModulesView.swift in Sources */,
				617FDECC29C74B9F00B89D68 /* LogNoteView.swift in Sources */,
				617FDEC729C74B9F00B89D68 /* TaskView.swift in Sources */,
				617FDEA729C74B1400B89D68 /* CRMApp.swift in Sources */,
				617FDEC229C74B9E00B89D68 /* DropdownView.swift in Sources */,
				617FDEC129C74B9E00B89D68 /* AddStatusView.swift in Sources */,
				617FDEC529C74B9E00B89D68 /* ScheduleView.swift in Sources */,
				617FDEDA29C74BBE00B89D68 /* StatusViewModel.swift in Sources */,
				617FDED429C74BB400B89D68 /* UserModel.swift in Sources */,
				617FDED729C74BB400B89D68 /* StatusModel.swift in Sources */,
				617FDEC029C74B9E00B89D68 /* CustomBottomButton.swift in Sources */,
			);
			runOnlyForDeploymentPostprocessing = 0;
		};
		618388FC29BE515800FF2157 /* Sources */ = {
			isa = PBXSourcesBuildPhase;
			buildActionMask = 2147483647;
			files = (
				6183890629BE515800FF2157 /* CRMModuleTests.swift in Sources */,
			);
			runOnlyForDeploymentPostprocessing = 0;
		};
/* End PBXSourcesBuildPhase section */

/* Begin PBXTargetDependency section */
		6183890329BE515800FF2157 /* PBXTargetDependency */ = {
			isa = PBXTargetDependency;
			target = 618388F729BE515800FF2157 /* CRMModule */;
			targetProxy = 6183890229BE515800FF2157 /* PBXContainerItemProxy */;
		};
/* End PBXTargetDependency section */

/* Begin XCBuildConfiguration section */
		6183890829BE515800FF2157 /* Debug */ = {
			isa = XCBuildConfiguration;
			buildSettings = {
				ALWAYS_SEARCH_USER_PATHS = NO;
				CLANG_ANALYZER_NONNULL = YES;
				CLANG_ANALYZER_NUMBER_OBJECT_CONVERSION = YES_AGGRESSIVE;
				CLANG_CXX_LANGUAGE_STANDARD = "gnu++20";
				CLANG_ENABLE_MODULES = YES;
				CLANG_ENABLE_OBJC_ARC = YES;
				CLANG_ENABLE_OBJC_WEAK = YES;
				CLANG_WARN_BLOCK_CAPTURE_AUTORELEASING = YES;
				CLANG_WARN_BOOL_CONVERSION = YES;
				CLANG_WARN_COMMA = YES;
				CLANG_WARN_CONSTANT_CONVERSION = YES;
				CLANG_WARN_DEPRECATED_OBJC_IMPLEMENTATIONS = YES;
				CLANG_WARN_DIRECT_OBJC_ISA_USAGE = YES_ERROR;
				CLANG_WARN_DOCUMENTATION_COMMENTS = YES;
				CLANG_WARN_EMPTY_BODY = YES;
				CLANG_WARN_ENUM_CONVERSION = YES;
				CLANG_WARN_INFINITE_RECURSION = YES;
				CLANG_WARN_INT_CONVERSION = YES;
				CLANG_WARN_NON_LITERAL_NULL_CONVERSION = YES;
				CLANG_WARN_OBJC_IMPLICIT_RETAIN_SELF = YES;
				CLANG_WARN_OBJC_LITERAL_CONVERSION = YES;
				CLANG_WARN_OBJC_ROOT_CLASS = YES_ERROR;
				CLANG_WARN_QUOTED_INCLUDE_IN_FRAMEWORK_HEADER = YES;
				CLANG_WARN_RANGE_LOOP_ANALYSIS = YES;
				CLANG_WARN_STRICT_PROTOTYPES = YES;
				CLANG_WARN_SUSPICIOUS_MOVE = YES;
				CLANG_WARN_UNGUARDED_AVAILABILITY = YES_AGGRESSIVE;
				CLANG_WARN_UNREACHABLE_CODE = YES;
				CLANG_WARN__DUPLICATE_METHOD_MATCH = YES;
				COPY_PHASE_STRIP = NO;
				CURRENT_PROJECT_VERSION = 1;
				DEBUG_INFORMATION_FORMAT = dwarf;
				ENABLE_STRICT_OBJC_MSGSEND = YES;
				ENABLE_TESTABILITY = YES;
				GCC_C_LANGUAGE_STANDARD = gnu11;
				GCC_DYNAMIC_NO_PIC = NO;
				GCC_NO_COMMON_BLOCKS = YES;
				GCC_OPTIMIZATION_LEVEL = 0;
				GCC_PREPROCESSOR_DEFINITIONS = (
					"DEBUG=1",
					"$(inherited)",
				);
				GCC_WARN_64_TO_32_BIT_CONVERSION = YES;
				GCC_WARN_ABOUT_RETURN_TYPE = YES_ERROR;
				GCC_WARN_UNDECLARED_SELECTOR = YES;
				GCC_WARN_UNINITIALIZED_AUTOS = YES_AGGRESSIVE;
				GCC_WARN_UNUSED_FUNCTION = YES;
				GCC_WARN_UNUSED_VARIABLE = YES;
				IPHONEOS_DEPLOYMENT_TARGET = 16.2;
				MTL_ENABLE_DEBUG_INFO = INCLUDE_SOURCE;
				MTL_FAST_MATH = YES;
				ONLY_ACTIVE_ARCH = YES;
				SDKROOT = iphoneos;
				SWIFT_ACTIVE_COMPILATION_CONDITIONS = DEBUG;
				SWIFT_OPTIMIZATION_LEVEL = "-Onone";
				VERSIONING_SYSTEM = "apple-generic";
				VERSION_INFO_PREFIX = "";
			};
			name = Debug;
		};
		6183890929BE515800FF2157 /* Release */ = {
			isa = XCBuildConfiguration;
			buildSettings = {
				ALWAYS_SEARCH_USER_PATHS = NO;
				CLANG_ANALYZER_NONNULL = YES;
				CLANG_ANALYZER_NUMBER_OBJECT_CONVERSION = YES_AGGRESSIVE;
				CLANG_CXX_LANGUAGE_STANDARD = "gnu++20";
				CLANG_ENABLE_MODULES = YES;
				CLANG_ENABLE_OBJC_ARC = YES;
				CLANG_ENABLE_OBJC_WEAK = YES;
				CLANG_WARN_BLOCK_CAPTURE_AUTORELEASING = YES;
				CLANG_WARN_BOOL_CONVERSION = YES;
				CLANG_WARN_COMMA = YES;
				CLANG_WARN_CONSTANT_CONVERSION = YES;
				CLANG_WARN_DEPRECATED_OBJC_IMPLEMENTATIONS = YES;
				CLANG_WARN_DIRECT_OBJC_ISA_USAGE = YES_ERROR;
				CLANG_WARN_DOCUMENTATION_COMMENTS = YES;
				CLANG_WARN_EMPTY_BODY = YES;
				CLANG_WARN_ENUM_CONVERSION = YES;
				CLANG_WARN_INFINITE_RECURSION = YES;
				CLANG_WARN_INT_CONVERSION = YES;
				CLANG_WARN_NON_LITERAL_NULL_CONVERSION = YES;
				CLANG_WARN_OBJC_IMPLICIT_RETAIN_SELF = YES;
				CLANG_WARN_OBJC_LITERAL_CONVERSION = YES;
				CLANG_WARN_OBJC_ROOT_CLASS = YES_ERROR;
				CLANG_WARN_QUOTED_INCLUDE_IN_FRAMEWORK_HEADER = YES;
				CLANG_WARN_RANGE_LOOP_ANALYSIS = YES;
				CLANG_WARN_STRICT_PROTOTYPES = YES;
				CLANG_WARN_SUSPICIOUS_MOVE = YES;
				CLANG_WARN_UNGUARDED_AVAILABILITY = YES_AGGRESSIVE;
				CLANG_WARN_UNREACHABLE_CODE = YES;
				CLANG_WARN__DUPLICATE_METHOD_MATCH = YES;
				COPY_PHASE_STRIP = NO;
				CURRENT_PROJECT_VERSION = 1;
				DEBUG_INFORMATION_FORMAT = "dwarf-with-dsym";
				ENABLE_NS_ASSERTIONS = NO;
				ENABLE_STRICT_OBJC_MSGSEND = YES;
				GCC_C_LANGUAGE_STANDARD = gnu11;
				GCC_NO_COMMON_BLOCKS = YES;
				GCC_WARN_64_TO_32_BIT_CONVERSION = YES;
				GCC_WARN_ABOUT_RETURN_TYPE = YES_ERROR;
				GCC_WARN_UNDECLARED_SELECTOR = YES;
				GCC_WARN_UNINITIALIZED_AUTOS = YES_AGGRESSIVE;
				GCC_WARN_UNUSED_FUNCTION = YES;
				GCC_WARN_UNUSED_VARIABLE = YES;
				IPHONEOS_DEPLOYMENT_TARGET = 16.2;
				MTL_ENABLE_DEBUG_INFO = NO;
				MTL_FAST_MATH = YES;
				SDKROOT = iphoneos;
				SWIFT_COMPILATION_MODE = wholemodule;
				SWIFT_OPTIMIZATION_LEVEL = "-O";
				VALIDATE_PRODUCT = YES;
				VERSIONING_SYSTEM = "apple-generic";
				VERSION_INFO_PREFIX = "";
			};
			name = Release;
		};
		6183890B29BE515800FF2157 /* Debug */ = {
			isa = XCBuildConfiguration;
			buildSettings = {
				CLANG_ENABLE_MODULES = YES;
				CODE_SIGN_STYLE = Automatic;
				CURRENT_PROJECT_VERSION = 1;
				DEFINES_MODULE = YES;
				DEVELOPMENT_TEAM = 328QJG8DC6;
				DYLIB_COMPATIBILITY_VERSION = 1;
				DYLIB_CURRENT_VERSION = 1;
				DYLIB_INSTALL_NAME_BASE = "@rpath";
				GENERATE_INFOPLIST_FILE = YES;
				INFOPLIST_KEY_NSHumanReadableCopyright = "";
				INSTALL_PATH = "$(LOCAL_LIBRARY_DIR)/Frameworks";
				IPHONEOS_DEPLOYMENT_TARGET = 15.0;
				LD_RUNPATH_SEARCH_PATHS = (
					"$(inherited)",
					"@executable_path/Frameworks",
					"@loader_path/Frameworks",
				);
				MARKETING_VERSION = 1.0;
				PRODUCT_BUNDLE_IDENTIFIER = CRM.CRMModule;
				PRODUCT_NAME = "$(TARGET_NAME:c99extidentifier)";
				SKIP_INSTALL = YES;
				SUPPORTED_PLATFORMS = "iphoneos iphonesimulator";
				SUPPORTS_MACCATALYST = NO;
				SUPPORTS_MAC_DESIGNED_FOR_IPHONE_IPAD = YES;
				SWIFT_EMIT_LOC_STRINGS = YES;
				SWIFT_OPTIMIZATION_LEVEL = "-Onone";
				SWIFT_VERSION = 5.0;
				TARGETED_DEVICE_FAMILY = "1,2";
			};
			name = Debug;
		};
		6183890C29BE515800FF2157 /* Release */ = {
			isa = XCBuildConfiguration;
			buildSettings = {
				CLANG_ENABLE_MODULES = YES;
				CODE_SIGN_STYLE = Automatic;
				CURRENT_PROJECT_VERSION = 1;
				DEFINES_MODULE = YES;
				DEVELOPMENT_TEAM = 328QJG8DC6;
				DYLIB_COMPATIBILITY_VERSION = 1;
				DYLIB_CURRENT_VERSION = 1;
				DYLIB_INSTALL_NAME_BASE = "@rpath";
				GENERATE_INFOPLIST_FILE = YES;
				INFOPLIST_KEY_NSHumanReadableCopyright = "";
				INSTALL_PATH = "$(LOCAL_LIBRARY_DIR)/Frameworks";
				IPHONEOS_DEPLOYMENT_TARGET = 15.0;
				LD_RUNPATH_SEARCH_PATHS = (
					"$(inherited)",
					"@executable_path/Frameworks",
					"@loader_path/Frameworks",
				);
				MARKETING_VERSION = 1.0;
				PRODUCT_BUNDLE_IDENTIFIER = CRM.CRMModule;
				PRODUCT_NAME = "$(TARGET_NAME:c99extidentifier)";
				SKIP_INSTALL = YES;
				SUPPORTED_PLATFORMS = "iphoneos iphonesimulator";
				SUPPORTS_MACCATALYST = NO;
				SUPPORTS_MAC_DESIGNED_FOR_IPHONE_IPAD = YES;
				SWIFT_EMIT_LOC_STRINGS = YES;
				SWIFT_VERSION = 5.0;
				TARGETED_DEVICE_FAMILY = "1,2";
			};
			name = Release;
		};
		6183890E29BE515800FF2157 /* Debug */ = {
			isa = XCBuildConfiguration;
			buildSettings = {
				ALWAYS_EMBED_SWIFT_STANDARD_LIBRARIES = YES;
				CODE_SIGN_STYLE = Automatic;
				CURRENT_PROJECT_VERSION = 1;
				DEVELOPMENT_TEAM = YN4CY38HR3;
				GENERATE_INFOPLIST_FILE = YES;
				MARKETING_VERSION = 1.0;
				PRODUCT_BUNDLE_IDENTIFIER = CRM.CRMModuleTests;
				PRODUCT_NAME = "$(TARGET_NAME)";
				SWIFT_EMIT_LOC_STRINGS = NO;
				SWIFT_VERSION = 5.0;
				TARGETED_DEVICE_FAMILY = "1,2";
			};
			name = Debug;
		};
		6183890F29BE515800FF2157 /* Release */ = {
			isa = XCBuildConfiguration;
			buildSettings = {
				ALWAYS_EMBED_SWIFT_STANDARD_LIBRARIES = YES;
				CODE_SIGN_STYLE = Automatic;
				CURRENT_PROJECT_VERSION = 1;
				DEVELOPMENT_TEAM = YN4CY38HR3;
				GENERATE_INFOPLIST_FILE = YES;
				MARKETING_VERSION = 1.0;
				PRODUCT_BUNDLE_IDENTIFIER = CRM.CRMModuleTests;
				PRODUCT_NAME = "$(TARGET_NAME)";
				SWIFT_EMIT_LOC_STRINGS = NO;
				SWIFT_VERSION = 5.0;
				TARGETED_DEVICE_FAMILY = "1,2";
			};
			name = Release;
		};
/* End XCBuildConfiguration section */

/* Begin XCConfigurationList section */
		618388F229BE515800FF2157 /* Build configuration list for PBXProject "CRMModule" */ = {
			isa = XCConfigurationList;
			buildConfigurations = (
				6183890829BE515800FF2157 /* Debug */,
				6183890929BE515800FF2157 /* Release */,
			);
			defaultConfigurationIsVisible = 0;
			defaultConfigurationName = Release;
		};
		6183890A29BE515800FF2157 /* Build configuration list for PBXNativeTarget "CRMModule" */ = {
			isa = XCConfigurationList;
			buildConfigurations = (
				6183890B29BE515800FF2157 /* Debug */,
				6183890C29BE515800FF2157 /* Release */,
			);
			defaultConfigurationIsVisible = 0;
			defaultConfigurationName = Release;
		};
		6183890D29BE515800FF2157 /* Build configuration list for PBXNativeTarget "CRMModuleTests" */ = {
			isa = XCConfigurationList;
			buildConfigurations = (
				6183890E29BE515800FF2157 /* Debug */,
				6183890F29BE515800FF2157 /* Release */,
			);
			defaultConfigurationIsVisible = 0;
			defaultConfigurationName = Release;
		};
/* End XCConfigurationList section */
	};
	rootObject = 618388EF29BE515800FF2157 /* Project object */;
}
