// !$*UTF8*$!
{
	archiveVersion = 1;
	classes = {
	};
	objectVersion = 56;
	objects = {

/* Begin PBXBuildFile section */
		6158A67929E314F70049A7AE /* OffsetsViewModel.swift in Sources */ = {isa = PBXBuildFile; fileRef = 6158A65529E314F70049A7AE /* OffsetsViewModel.swift */; };
		6158A67A29E314F70049A7AE /* ApplicationExtension.swift in Sources */ = {isa = PBXBuildFile; fileRef = 6158A65729E314F70049A7AE /* ApplicationExtension.swift */; };
		6158A67B29E314F70049A7AE /* ColorExtension.swift in Sources */ = {isa = PBXBuildFile; fileRef = 6158A65829E314F70049A7AE /* ColorExtension.swift */; };
		6158A67C29E314F70049A7AE /* SwipeBackExtension.swift in Sources */ = {isa = PBXBuildFile; fileRef = 6158A65929E314F70049A7AE /* SwipeBackExtension.swift */; };
		6158A67D29E314F70049A7AE /* StatusViewModel.swift in Sources */ = {isa = PBXBuildFile; fileRef = 6158A65A29E314F70049A7AE /* StatusViewModel.swift */; };
		6158A67E29E314F70049A7AE /* Assets.xcassets in Resources */ = {isa = PBXBuildFile; fileRef = 6158A65B29E314F70049A7AE /* Assets.xcassets */; };
		6158A67F29E314F70049A7AE /* Preview Assets.xcassets in Resources */ = {isa = PBXBuildFile; fileRef = 6158A65D29E314F70049A7AE /* Preview Assets.xcassets */; };
		6158A68029E314F70049A7AE /* StatusModel.swift in Sources */ = {isa = PBXBuildFile; fileRef = 6158A65F29E314F70049A7AE /* StatusModel.swift */; };
		6158A68129E314F70049A7AE /* NoteModel.swift in Sources */ = {isa = PBXBuildFile; fileRef = 6158A66029E314F70049A7AE /* NoteModel.swift */; };
		6158A68229E314F70049A7AE /* CardModel.swift in Sources */ = {isa = PBXBuildFile; fileRef = 6158A66129E314F70049A7AE /* CardModel.swift */; };
		6158A68329E314F70049A7AE /* TaskModel.swift in Sources */ = {isa = PBXBuildFile; fileRef = 6158A66229E314F70049A7AE /* TaskModel.swift */; };
		6158A68429E314F70049A7AE /* UserModel.swift in Sources */ = {isa = PBXBuildFile; fileRef = 6158A66329E314F70049A7AE /* UserModel.swift */; };
		6158A68529E314F70049A7AE /* SummaryView.swift in Sources */ = {isa = PBXBuildFile; fileRef = 6158A66529E314F70049A7AE /* SummaryView.swift */; };
		6158A68629E314F70049A7AE /* LogNoteView.swift in Sources */ = {isa = PBXBuildFile; fileRef = 6158A66629E314F70049A7AE /* LogNoteView.swift */; };
		6158A68729E314F70049A7AE /* DropdownView.swift in Sources */ = {isa = PBXBuildFile; fileRef = 6158A66729E314F70049A7AE /* DropdownView.swift */; };
		6158A68829E314F70049A7AE /* SearchView.swift in Sources */ = {isa = PBXBuildFile; fileRef = 6158A66829E314F70049A7AE /* SearchView.swift */; };
		6158A68929E314F70049A7AE /* NoteView.swift in Sources */ = {isa = PBXBuildFile; fileRef = 6158A66929E314F70049A7AE /* NoteView.swift */; };
		6158A68A29E314F70049A7AE /* AddStatusView.swift in Sources */ = {isa = PBXBuildFile; fileRef = 6158A66A29E314F70049A7AE /* AddStatusView.swift */; };
		6158A68B29E314F70049A7AE /* AddLogNoteView.swift in Sources */ = {isa = PBXBuildFile; fileRef = 6158A66B29E314F70049A7AE /* AddLogNoteView.swift */; };
		6158A68C29E314F70049A7AE /* ScheduleView.swift in Sources */ = {isa = PBXBuildFile; fileRef = 6158A66C29E314F70049A7AE /* ScheduleView.swift */; };
		6158A68D29E314F70049A7AE /* AddScheduleView.swift in Sources */ = {isa = PBXBuildFile; fileRef = 6158A66D29E314F70049A7AE /* AddScheduleView.swift */; };
		6158A68E29E314F70049A7AE /* TaskCardView.swift in Sources */ = {isa = PBXBuildFile; fileRef = 6158A66E29E314F70049A7AE /* TaskCardView.swift */; };
		6158A68F29E314F70049A7AE /* ScheduleListView.swift in Sources */ = {isa = PBXBuildFile; fileRef = 6158A66F29E314F70049A7AE /* ScheduleListView.swift */; };
		6158A69029E314F70049A7AE /* StatusView.swift in Sources */ = {isa = PBXBuildFile; fileRef = 6158A67029E314F70049A7AE /* StatusView.swift */; };
		6158A69129E314F70049A7AE /* TaskView.swift in Sources */ = {isa = PBXBuildFile; fileRef = 6158A67129E314F70049A7AE /* TaskView.swift */; };
		6158A69229E314F70049A7AE /* BottomSheetView.swift in Sources */ = {isa = PBXBuildFile; fileRef = 6158A67229E314F70049A7AE /* BottomSheetView.swift */; };
		6158A69329E314F70049A7AE /* CarouselStatusesView.swift in Sources */ = {isa = PBXBuildFile; fileRef = 6158A67329E314F70049A7AE /* CarouselStatusesView.swift */; };
		6158A69429E314F70049A7AE /* NoSearchView.swift in Sources */ = {isa = PBXBuildFile; fileRef = 6158A67429E314F70049A7AE /* NoSearchView.swift */; };
		6158A69529E314F70049A7AE /* CustomProgressbarView.swift in Sources */ = {isa = PBXBuildFile; fileRef = 6158A67529E314F70049A7AE /* CustomProgressbarView.swift */; };
		6158A69629E314F70049A7AE /* CustomBottomButton.swift in Sources */ = {isa = PBXBuildFile; fileRef = 6158A67629E314F70049A7AE /* CustomBottomButton.swift */; };
		6158A69729E314F70049A7AE /* GeneralInformationView.swift in Sources */ = {isa = PBXBuildFile; fileRef = 6158A67729E314F70049A7AE /* GeneralInformationView.swift */; };
		6158A69829E314F70049A7AE /* CRMApp.swift in Sources */ = {isa = PBXBuildFile; fileRef = 6158A67829E314F70049A7AE /* CRMApp.swift */; };
		61FABEB429E309FE00ED6059 /* SwiftUITrackableScrollView in Frameworks */ = {isa = PBXBuildFile; productRef = 61FABEB329E309FE00ED6059 /* SwiftUITrackableScrollView */; };
		61FABEBC29E30A2200ED6059 /* CRMTests.swift in Sources */ = {isa = PBXBuildFile; fileRef = 61FABEBB29E30A2200ED6059 /* CRMTests.swift */; };
		61FABEBD29E30A2200ED6059 /* CRMModule.framework in Frameworks */ = {isa = PBXBuildFile; fileRef = 61FABE4B29E3096F00ED6059 /* CRMModule.framework */; platformFilter = ios; };
		61FABECA29E30A8200ED6059 /* CRMModuleTest.swift in Sources */ = {isa = PBXBuildFile; fileRef = 61FABEC929E30A8200ED6059 /* CRMModuleTest.swift */; };
		61FABECC29E30A8200ED6059 /* CRMModuleTestLaunchTests.swift in Sources */ = {isa = PBXBuildFile; fileRef = 61FABECB29E30A8200ED6059 /* CRMModuleTestLaunchTests.swift */; };
/* End PBXBuildFile section */

/* Begin PBXContainerItemProxy section */
		61FABEBE29E30A2200ED6059 /* PBXContainerItemProxy */ = {
			isa = PBXContainerItemProxy;
			containerPortal = 61FABE4229E3096F00ED6059 /* Project object */;
			proxyType = 1;
			remoteGlobalIDString = 61FABE4A29E3096F00ED6059;
			remoteInfo = CRMModule;
		};
/* End PBXContainerItemProxy section */

/* Begin PBXFileReference section */
		6158A65529E314F70049A7AE /* OffsetsViewModel.swift */ = {isa = PBXFileReference; fileEncoding = 4; lastKnownFileType = sourcecode.swift; path = OffsetsViewModel.swift; sourceTree = "<group>"; };
		6158A65729E314F70049A7AE /* ApplicationExtension.swift */ = {isa = PBXFileReference; fileEncoding = 4; lastKnownFileType = sourcecode.swift; path = ApplicationExtension.swift; sourceTree = "<group>"; };
		6158A65829E314F70049A7AE /* ColorExtension.swift */ = {isa = PBXFileReference; fileEncoding = 4; lastKnownFileType = sourcecode.swift; path = ColorExtension.swift; sourceTree = "<group>"; };
		6158A65929E314F70049A7AE /* SwipeBackExtension.swift */ = {isa = PBXFileReference; fileEncoding = 4; lastKnownFileType = sourcecode.swift; path = SwipeBackExtension.swift; sourceTree = "<group>"; };
		6158A65A29E314F70049A7AE /* StatusViewModel.swift */ = {isa = PBXFileReference; fileEncoding = 4; lastKnownFileType = sourcecode.swift; path = StatusViewModel.swift; sourceTree = "<group>"; };
		6158A65B29E314F70049A7AE /* Assets.xcassets */ = {isa = PBXFileReference; lastKnownFileType = folder.assetcatalog; path = Assets.xcassets; sourceTree = "<group>"; };
		6158A65D29E314F70049A7AE /* Preview Assets.xcassets */ = {isa = PBXFileReference; lastKnownFileType = folder.assetcatalog; path = "Preview Assets.xcassets"; sourceTree = "<group>"; };
		6158A65F29E314F70049A7AE /* StatusModel.swift */ = {isa = PBXFileReference; fileEncoding = 4; lastKnownFileType = sourcecode.swift; path = StatusModel.swift; sourceTree = "<group>"; };
		6158A66029E314F70049A7AE /* NoteModel.swift */ = {isa = PBXFileReference; fileEncoding = 4; lastKnownFileType = sourcecode.swift; path = NoteModel.swift; sourceTree = "<group>"; };
		6158A66129E314F70049A7AE /* CardModel.swift */ = {isa = PBXFileReference; fileEncoding = 4; lastKnownFileType = sourcecode.swift; path = CardModel.swift; sourceTree = "<group>"; };
		6158A66229E314F70049A7AE /* TaskModel.swift */ = {isa = PBXFileReference; fileEncoding = 4; lastKnownFileType = sourcecode.swift; path = TaskModel.swift; sourceTree = "<group>"; };
		6158A66329E314F70049A7AE /* UserModel.swift */ = {isa = PBXFileReference; fileEncoding = 4; lastKnownFileType = sourcecode.swift; path = UserModel.swift; sourceTree = "<group>"; };
		6158A66529E314F70049A7AE /* SummaryView.swift */ = {isa = PBXFileReference; fileEncoding = 4; lastKnownFileType = sourcecode.swift; path = SummaryView.swift; sourceTree = "<group>"; };
		6158A66629E314F70049A7AE /* LogNoteView.swift */ = {isa = PBXFileReference; fileEncoding = 4; lastKnownFileType = sourcecode.swift; path = LogNoteView.swift; sourceTree = "<group>"; };
		6158A66729E314F70049A7AE /* DropdownView.swift */ = {isa = PBXFileReference; fileEncoding = 4; lastKnownFileType = sourcecode.swift; path = DropdownView.swift; sourceTree = "<group>"; };
		6158A66829E314F70049A7AE /* SearchView.swift */ = {isa = PBXFileReference; fileEncoding = 4; lastKnownFileType = sourcecode.swift; path = SearchView.swift; sourceTree = "<group>"; };
		6158A66929E314F70049A7AE /* NoteView.swift */ = {isa = PBXFileReference; fileEncoding = 4; lastKnownFileType = sourcecode.swift; path = NoteView.swift; sourceTree = "<group>"; };
		6158A66A29E314F70049A7AE /* AddStatusView.swift */ = {isa = PBXFileReference; fileEncoding = 4; lastKnownFileType = sourcecode.swift; path = AddStatusView.swift; sourceTree = "<group>"; };
		6158A66B29E314F70049A7AE /* AddLogNoteView.swift */ = {isa = PBXFileReference; fileEncoding = 4; lastKnownFileType = sourcecode.swift; path = AddLogNoteView.swift; sourceTree = "<group>"; };
		6158A66C29E314F70049A7AE /* ScheduleView.swift */ = {isa = PBXFileReference; fileEncoding = 4; lastKnownFileType = sourcecode.swift; path = ScheduleView.swift; sourceTree = "<group>"; };
		6158A66D29E314F70049A7AE /* AddScheduleView.swift */ = {isa = PBXFileReference; fileEncoding = 4; lastKnownFileType = sourcecode.swift; path = AddScheduleView.swift; sourceTree = "<group>"; };
		6158A66E29E314F70049A7AE /* TaskCardView.swift */ = {isa = PBXFileReference; fileEncoding = 4; lastKnownFileType = sourcecode.swift; path = TaskCardView.swift; sourceTree = "<group>"; };
		6158A66F29E314F70049A7AE /* ScheduleListView.swift */ = {isa = PBXFileReference; fileEncoding = 4; lastKnownFileType = sourcecode.swift; path = ScheduleListView.swift; sourceTree = "<group>"; };
		6158A67029E314F70049A7AE /* StatusView.swift */ = {isa = PBXFileReference; fileEncoding = 4; lastKnownFileType = sourcecode.swift; path = StatusView.swift; sourceTree = "<group>"; };
		6158A67129E314F70049A7AE /* TaskView.swift */ = {isa = PBXFileReference; fileEncoding = 4; lastKnownFileType = sourcecode.swift; path = TaskView.swift; sourceTree = "<group>"; };
		6158A67229E314F70049A7AE /* BottomSheetView.swift */ = {isa = PBXFileReference; fileEncoding = 4; lastKnownFileType = sourcecode.swift; path = BottomSheetView.swift; sourceTree = "<group>"; };
		6158A67329E314F70049A7AE /* CarouselStatusesView.swift */ = {isa = PBXFileReference; fileEncoding = 4; lastKnownFileType = sourcecode.swift; path = CarouselStatusesView.swift; sourceTree = "<group>"; };
		6158A67429E314F70049A7AE /* NoSearchView.swift */ = {isa = PBXFileReference; fileEncoding = 4; lastKnownFileType = sourcecode.swift; path = NoSearchView.swift; sourceTree = "<group>"; };
		6158A67529E314F70049A7AE /* CustomProgressbarView.swift */ = {isa = PBXFileReference; fileEncoding = 4; lastKnownFileType = sourcecode.swift; path = CustomProgressbarView.swift; sourceTree = "<group>"; };
		6158A67629E314F70049A7AE /* CustomBottomButton.swift */ = {isa = PBXFileReference; fileEncoding = 4; lastKnownFileType = sourcecode.swift; path = CustomBottomButton.swift; sourceTree = "<group>"; };
		6158A67729E314F70049A7AE /* GeneralInformationView.swift */ = {isa = PBXFileReference; fileEncoding = 4; lastKnownFileType = sourcecode.swift; path = GeneralInformationView.swift; sourceTree = "<group>"; };
		6158A67829E314F70049A7AE /* CRMApp.swift */ = {isa = PBXFileReference; fileEncoding = 4; lastKnownFileType = sourcecode.swift; path = CRMApp.swift; sourceTree = "<group>"; };
		61FABE4B29E3096F00ED6059 /* CRMModule.framework */ = {isa = PBXFileReference; explicitFileType = wrapper.framework; includeInIndex = 0; path = CRMModule.framework; sourceTree = BUILT_PRODUCTS_DIR; };
		61FABEB929E30A2200ED6059 /* CRMTests.xctest */ = {isa = PBXFileReference; explicitFileType = wrapper.cfbundle; includeInIndex = 0; path = CRMTests.xctest; sourceTree = BUILT_PRODUCTS_DIR; };
		61FABEBB29E30A2200ED6059 /* CRMTests.swift */ = {isa = PBXFileReference; lastKnownFileType = sourcecode.swift; path = CRMTests.swift; sourceTree = "<group>"; };
		61FABEC729E30A8200ED6059 /* CRMModuleTest.xctest */ = {isa = PBXFileReference; explicitFileType = wrapper.cfbundle; includeInIndex = 0; path = CRMModuleTest.xctest; sourceTree = BUILT_PRODUCTS_DIR; };
		61FABEC929E30A8200ED6059 /* CRMModuleTest.swift */ = {isa = PBXFileReference; lastKnownFileType = sourcecode.swift; path = CRMModuleTest.swift; sourceTree = "<group>"; };
		61FABECB29E30A8200ED6059 /* CRMModuleTestLaunchTests.swift */ = {isa = PBXFileReference; lastKnownFileType = sourcecode.swift; path = CRMModuleTestLaunchTests.swift; sourceTree = "<group>"; };
/* End PBXFileReference section */

/* Begin PBXFrameworksBuildPhase section */
		61FABE4829E3096F00ED6059 /* Frameworks */ = {
			isa = PBXFrameworksBuildPhase;
			buildActionMask = 2147483647;
			files = (
				61FABEB429E309FE00ED6059 /* SwiftUITrackableScrollView in Frameworks */,
			);
			runOnlyForDeploymentPostprocessing = 0;
		};
		61FABEB629E30A2200ED6059 /* Frameworks */ = {
			isa = PBXFrameworksBuildPhase;
			buildActionMask = 2147483647;
			files = (
				61FABEBD29E30A2200ED6059 /* CRMModule.framework in Frameworks */,
			);
			runOnlyForDeploymentPostprocessing = 0;
		};
		61FABEC429E30A8200ED6059 /* Frameworks */ = {
			isa = PBXFrameworksBuildPhase;
			buildActionMask = 2147483647;
			files = (
			);
			runOnlyForDeploymentPostprocessing = 0;
		};
/* End PBXFrameworksBuildPhase section */

/* Begin PBXGroup section */
		6158A65329E314F70049A7AE /* CRM */ = {
			isa = PBXGroup;
			children = (
				6158A65429E314F70049A7AE /* ViewModel */,
				6158A65B29E314F70049A7AE /* Assets.xcassets */,
				6158A65C29E314F70049A7AE /* Preview Content */,
				6158A65E29E314F70049A7AE /* Model */,
				6158A66429E314F70049A7AE /* View */,
				6158A67829E314F70049A7AE /* CRMApp.swift */,
			);
			path = CRM;
			sourceTree = "<group>";
		};
		6158A65429E314F70049A7AE /* ViewModel */ = {
			isa = PBXGroup;
			children = (
				6158A65529E314F70049A7AE /* OffsetsViewModel.swift */,
				6158A65629E314F70049A7AE /* Extensions */,
				6158A65A29E314F70049A7AE /* StatusViewModel.swift */,
			);
			path = ViewModel;
			sourceTree = "<group>";
		};
		6158A65629E314F70049A7AE /* Extensions */ = {
			isa = PBXGroup;
			children = (
				6158A65729E314F70049A7AE /* ApplicationExtension.swift */,
				6158A65829E314F70049A7AE /* ColorExtension.swift */,
				6158A65929E314F70049A7AE /* SwipeBackExtension.swift */,
			);
			path = Extensions;
			sourceTree = "<group>";
		};
		6158A65C29E314F70049A7AE /* Preview Content */ = {
			isa = PBXGroup;
			children = (
				6158A65D29E314F70049A7AE /* Preview Assets.xcassets */,
			);
			path = "Preview Content";
			sourceTree = "<group>";
		};
		6158A65E29E314F70049A7AE /* Model */ = {
			isa = PBXGroup;
			children = (
				6158A65F29E314F70049A7AE /* StatusModel.swift */,
				6158A66029E314F70049A7AE /* NoteModel.swift */,
				6158A66129E314F70049A7AE /* CardModel.swift */,
				6158A66229E314F70049A7AE /* TaskModel.swift */,
				6158A66329E314F70049A7AE /* UserModel.swift */,
			);
			path = Model;
			sourceTree = "<group>";
		};
		6158A66429E314F70049A7AE /* View */ = {
			isa = PBXGroup;
			children = (
				6158A66529E314F70049A7AE /* SummaryView.swift */,
				6158A66629E314F70049A7AE /* LogNoteView.swift */,
				6158A66729E314F70049A7AE /* DropdownView.swift */,
				6158A66829E314F70049A7AE /* SearchView.swift */,
				6158A66929E314F70049A7AE /* NoteView.swift */,
				6158A66A29E314F70049A7AE /* AddStatusView.swift */,
				6158A66B29E314F70049A7AE /* AddLogNoteView.swift */,
				6158A66C29E314F70049A7AE /* ScheduleView.swift */,
				6158A66D29E314F70049A7AE /* AddScheduleView.swift */,
				6158A66E29E314F70049A7AE /* TaskCardView.swift */,
				6158A66F29E314F70049A7AE /* ScheduleListView.swift */,
				6158A67029E314F70049A7AE /* StatusView.swift */,
				6158A67129E314F70049A7AE /* TaskView.swift */,
				6158A67229E314F70049A7AE /* BottomSheetView.swift */,
				6158A67329E314F70049A7AE /* CarouselStatusesView.swift */,
				6158A67429E314F70049A7AE /* NoSearchView.swift */,
				6158A67529E314F70049A7AE /* CustomProgressbarView.swift */,
				6158A67629E314F70049A7AE /* CustomBottomButton.swift */,
				6158A67729E314F70049A7AE /* GeneralInformationView.swift */,
			);
			path = View;
			sourceTree = "<group>";
		};
		61FABE4129E3096F00ED6059 = {
			isa = PBXGroup;
			children = (
				6158A65329E314F70049A7AE /* CRM */,
				61FABEBA29E30A2200ED6059 /* CRMTests */,
				61FABEC829E30A8200ED6059 /* CRMModuleTest */,
				61FABE4C29E3096F00ED6059 /* Products */,
			);
			sourceTree = "<group>";
		};
		61FABE4C29E3096F00ED6059 /* Products */ = {
			isa = PBXGroup;
			children = (
				61FABE4B29E3096F00ED6059 /* CRMModule.framework */,
				61FABEB929E30A2200ED6059 /* CRMTests.xctest */,
				61FABEC729E30A8200ED6059 /* CRMModuleTest.xctest */,
			);
			name = Products;
			sourceTree = "<group>";
		};
		61FABEBA29E30A2200ED6059 /* CRMTests */ = {
			isa = PBXGroup;
			children = (
				61FABEBB29E30A2200ED6059 /* CRMTests.swift */,
			);
			path = CRMTests;
			sourceTree = "<group>";
		};
		61FABEC829E30A8200ED6059 /* CRMModuleTest */ = {
			isa = PBXGroup;
			children = (
				61FABEC929E30A8200ED6059 /* CRMModuleTest.swift */,
				61FABECB29E30A8200ED6059 /* CRMModuleTestLaunchTests.swift */,
			);
			path = CRMModuleTest;
			sourceTree = "<group>";
		};
/* End PBXGroup section */

/* Begin PBXHeadersBuildPhase section */
		61FABE4629E3096F00ED6059 /* Headers */ = {
			isa = PBXHeadersBuildPhase;
			buildActionMask = 2147483647;
			files = (
			);
			runOnlyForDeploymentPostprocessing = 0;
		};
/* End PBXHeadersBuildPhase section */

/* Begin PBXNativeTarget section */
		61FABE4A29E3096F00ED6059 /* CRMModule */ = {
			isa = PBXNativeTarget;
			buildConfigurationList = 61FABE5D29E3097000ED6059 /* Build configuration list for PBXNativeTarget "CRMModule" */;
			buildPhases = (
				61FABE4629E3096F00ED6059 /* Headers */,
				61FABE4729E3096F00ED6059 /* Sources */,
				61FABE4829E3096F00ED6059 /* Frameworks */,
				61FABE4929E3096F00ED6059 /* Resources */,
			);
			buildRules = (
			);
			dependencies = (
			);
			name = CRMModule;
			packageProductDependencies = (
				61FABEB329E309FE00ED6059 /* SwiftUITrackableScrollView */,
			);
			productName = CRMModule;
			productReference = 61FABE4B29E3096F00ED6059 /* CRMModule.framework */;
			productType = "com.apple.product-type.framework";
		};
		61FABEB829E30A2200ED6059 /* CRMTests */ = {
			isa = PBXNativeTarget;
			buildConfigurationList = 61FABEC029E30A2200ED6059 /* Build configuration list for PBXNativeTarget "CRMTests" */;
			buildPhases = (
				61FABEB529E30A2200ED6059 /* Sources */,
				61FABEB629E30A2200ED6059 /* Frameworks */,
				61FABEB729E30A2200ED6059 /* Resources */,
			);
			buildRules = (
			);
			dependencies = (
				61FABEBF29E30A2200ED6059 /* PBXTargetDependency */,
			);
			name = CRMTests;
			productName = CRMTests;
			productReference = 61FABEB929E30A2200ED6059 /* CRMTests.xctest */;
			productType = "com.apple.product-type.bundle.unit-test";
		};
		61FABEC629E30A8200ED6059 /* CRMModuleTest */ = {
			isa = PBXNativeTarget;
			buildConfigurationList = 61FABECD29E30A8200ED6059 /* Build configuration list for PBXNativeTarget "CRMModuleTest" */;
			buildPhases = (
				61FABEC329E30A8200ED6059 /* Sources */,
				61FABEC429E30A8200ED6059 /* Frameworks */,
				61FABEC529E30A8200ED6059 /* Resources */,
			);
			buildRules = (
			);
			dependencies = (
			);
			name = CRMModuleTest;
			productName = CRMModuleTest;
			productReference = 61FABEC729E30A8200ED6059 /* CRMModuleTest.xctest */;
			productType = "com.apple.product-type.bundle.ui-testing";
		};
/* End PBXNativeTarget section */

/* Begin PBXProject section */
		61FABE4229E3096F00ED6059 /* Project object */ = {
			isa = PBXProject;
			attributes = {
				BuildIndependentTargetsInParallel = 1;
				LastSwiftUpdateCheck = 1420;
				LastUpgradeCheck = 1420;
				TargetAttributes = {
					61FABE4A29E3096F00ED6059 = {
						CreatedOnToolsVersion = 14.2;
					};
					61FABEB829E30A2200ED6059 = {
						CreatedOnToolsVersion = 14.2;
					};
					61FABEC629E30A8200ED6059 = {
						CreatedOnToolsVersion = 14.2;
					};
				};
			};
			buildConfigurationList = 61FABE4529E3096F00ED6059 /* Build configuration list for PBXProject "CRMModule" */;
			compatibilityVersion = "Xcode 14.0";
			developmentRegion = en;
			hasScannedForEncodings = 0;
			knownRegions = (
				en,
				Base,
			);
			mainGroup = 61FABE4129E3096F00ED6059;
			packageReferences = (
				61FABEB229E309FE00ED6059 /* XCRemoteSwiftPackageReference "trackable-scroll-view" */,
			);
			productRefGroup = 61FABE4C29E3096F00ED6059 /* Products */;
			projectDirPath = "";
			projectRoot = "";
			targets = (
				61FABE4A29E3096F00ED6059 /* CRMModule */,
				61FABEB829E30A2200ED6059 /* CRMTests */,
				61FABEC629E30A8200ED6059 /* CRMModuleTest */,
			);
		};
/* End PBXProject section */

/* Begin PBXResourcesBuildPhase section */
		61FABE4929E3096F00ED6059 /* Resources */ = {
			isa = PBXResourcesBuildPhase;
			buildActionMask = 2147483647;
			files = (
				6158A67F29E314F70049A7AE /* Preview Assets.xcassets in Resources */,
				6158A67E29E314F70049A7AE /* Assets.xcassets in Resources */,
			);
			runOnlyForDeploymentPostprocessing = 0;
		};
		61FABEB729E30A2200ED6059 /* Resources */ = {
			isa = PBXResourcesBuildPhase;
			buildActionMask = 2147483647;
			files = (
			);
			runOnlyForDeploymentPostprocessing = 0;
		};
		61FABEC529E30A8200ED6059 /* Resources */ = {
			isa = PBXResourcesBuildPhase;
			buildActionMask = 2147483647;
			files = (
			);
			runOnlyForDeploymentPostprocessing = 0;
		};
/* End PBXResourcesBuildPhase section */

/* Begin PBXSourcesBuildPhase section */
		61FABE4729E3096F00ED6059 /* Sources */ = {
			isa = PBXSourcesBuildPhase;
			buildActionMask = 2147483647;
			files = (
				6158A69729E314F70049A7AE /* GeneralInformationView.swift in Sources */,
				6158A68B29E314F70049A7AE /* AddLogNoteView.swift in Sources */,
				6158A67B29E314F70049A7AE /* ColorExtension.swift in Sources */,
				6158A69029E314F70049A7AE /* StatusView.swift in Sources */,
				6158A67D29E314F70049A7AE /* StatusViewModel.swift in Sources */,
				6158A67C29E314F70049A7AE /* SwipeBackExtension.swift in Sources */,
				6158A69429E314F70049A7AE /* NoSearchView.swift in Sources */,
				6158A68329E314F70049A7AE /* TaskModel.swift in Sources */,
				6158A69629E314F70049A7AE /* CustomBottomButton.swift in Sources */,
				6158A68E29E314F70049A7AE /* TaskCardView.swift in Sources */,
				6158A68F29E314F70049A7AE /* ScheduleListView.swift in Sources */,
				6158A68C29E314F70049A7AE /* ScheduleView.swift in Sources */,
				6158A69529E314F70049A7AE /* CustomProgressbarView.swift in Sources */,
				6158A68129E314F70049A7AE /* NoteModel.swift in Sources */,
				6158A68D29E314F70049A7AE /* AddScheduleView.swift in Sources */,
				6158A68029E314F70049A7AE /* StatusModel.swift in Sources */,
				6158A68A29E314F70049A7AE /* AddStatusView.swift in Sources */,
				6158A68729E314F70049A7AE /* DropdownView.swift in Sources */,
				6158A69129E314F70049A7AE /* TaskView.swift in Sources */,
				6158A68229E314F70049A7AE /* CardModel.swift in Sources */,
				6158A67A29E314F70049A7AE /* ApplicationExtension.swift in Sources */,
				6158A69229E314F70049A7AE /* BottomSheetView.swift in Sources */,
				6158A68429E314F70049A7AE /* UserModel.swift in Sources */,
				6158A68829E314F70049A7AE /* SearchView.swift in Sources */,
				6158A68929E314F70049A7AE /* NoteView.swift in Sources */,
				6158A69329E314F70049A7AE /* CarouselStatusesView.swift in Sources */,
				6158A69829E314F70049A7AE /* CRMApp.swift in Sources */,
				6158A67929E314F70049A7AE /* OffsetsViewModel.swift in Sources */,
				6158A68529E314F70049A7AE /* SummaryView.swift in Sources */,
				6158A68629E314F70049A7AE /* LogNoteView.swift in Sources */,
			);
			runOnlyForDeploymentPostprocessing = 0;
		};
		61FABEB529E30A2200ED6059 /* Sources */ = {
			isa = PBXSourcesBuildPhase;
			buildActionMask = 2147483647;
			files = (
				61FABEBC29E30A2200ED6059 /* CRMTests.swift in Sources */,
			);
			runOnlyForDeploymentPostprocessing = 0;
		};
		61FABEC329E30A8200ED6059 /* Sources */ = {
			isa = PBXSourcesBuildPhase;
			buildActionMask = 2147483647;
			files = (
				61FABECA29E30A8200ED6059 /* CRMModuleTest.swift in Sources */,
				61FABECC29E30A8200ED6059 /* CRMModuleTestLaunchTests.swift in Sources */,
			);
			runOnlyForDeploymentPostprocessing = 0;
		};
/* End PBXSourcesBuildPhase section */

/* Begin PBXTargetDependency section */
		61FABEBF29E30A2200ED6059 /* PBXTargetDependency */ = {
			isa = PBXTargetDependency;
			platformFilter = ios;
			target = 61FABE4A29E3096F00ED6059 /* CRMModule */;
			targetProxy = 61FABEBE29E30A2200ED6059 /* PBXContainerItemProxy */;
		};
/* End PBXTargetDependency section */

/* Begin XCBuildConfiguration section */
		61FABE5B29E3097000ED6059 /* Debug */ = {
			isa = XCBuildConfiguration;
			buildSettings = {
				ALWAYS_SEARCH_USER_PATHS = NO;
				CLANG_ANALYZER_NONNULL = YES;
				CLANG_ANALYZER_NUMBER_OBJECT_CONVERSION = YES_AGGRESSIVE;
				CLANG_CXX_LANGUAGE_STANDARD = "gnu++20";
				CLANG_ENABLE_MODULES = YES;
				CLANG_ENABLE_OBJC_ARC = YES;
				CLANG_ENABLE_OBJC_WEAK = YES;
				CLANG_WARN_BLOCK_CAPTURE_AUTORELEASING = YES;
				CLANG_WARN_BOOL_CONVERSION = YES;
				CLANG_WARN_COMMA = YES;
				CLANG_WARN_CONSTANT_CONVERSION = YES;
				CLANG_WARN_DEPRECATED_OBJC_IMPLEMENTATIONS = YES;
				CLANG_WARN_DIRECT_OBJC_ISA_USAGE = YES_ERROR;
				CLANG_WARN_DOCUMENTATION_COMMENTS = YES;
				CLANG_WARN_EMPTY_BODY = YES;
				CLANG_WARN_ENUM_CONVERSION = YES;
				CLANG_WARN_INFINITE_RECURSION = YES;
				CLANG_WARN_INT_CONVERSION = YES;
				CLANG_WARN_NON_LITERAL_NULL_CONVERSION = YES;
				CLANG_WARN_OBJC_IMPLICIT_RETAIN_SELF = YES;
				CLANG_WARN_OBJC_LITERAL_CONVERSION = YES;
				CLANG_WARN_OBJC_ROOT_CLASS = YES_ERROR;
				CLANG_WARN_QUOTED_INCLUDE_IN_FRAMEWORK_HEADER = YES;
				CLANG_WARN_RANGE_LOOP_ANALYSIS = YES;
				CLANG_WARN_STRICT_PROTOTYPES = YES;
				CLANG_WARN_SUSPICIOUS_MOVE = YES;
				CLANG_WARN_UNGUARDED_AVAILABILITY = YES_AGGRESSIVE;
				CLANG_WARN_UNREACHABLE_CODE = YES;
				CLANG_WARN__DUPLICATE_METHOD_MATCH = YES;
				COPY_PHASE_STRIP = NO;
				CURRENT_PROJECT_VERSION = 1;
				DEBUG_INFORMATION_FORMAT = dwarf;
				ENABLE_STRICT_OBJC_MSGSEND = YES;
				ENABLE_TESTABILITY = YES;
				GCC_C_LANGUAGE_STANDARD = gnu11;
				GCC_DYNAMIC_NO_PIC = NO;
				GCC_NO_COMMON_BLOCKS = YES;
				GCC_OPTIMIZATION_LEVEL = 0;
				GCC_PREPROCESSOR_DEFINITIONS = (
					"DEBUG=1",
					"$(inherited)",
				);
				GCC_WARN_64_TO_32_BIT_CONVERSION = YES;
				GCC_WARN_ABOUT_RETURN_TYPE = YES_ERROR;
				GCC_WARN_UNDECLARED_SELECTOR = YES;
				GCC_WARN_UNINITIALIZED_AUTOS = YES_AGGRESSIVE;
				GCC_WARN_UNUSED_FUNCTION = YES;
				GCC_WARN_UNUSED_VARIABLE = YES;
				IPHONEOS_DEPLOYMENT_TARGET = 16.2;
				MTL_ENABLE_DEBUG_INFO = INCLUDE_SOURCE;
				MTL_FAST_MATH = YES;
				ONLY_ACTIVE_ARCH = YES;
				SDKROOT = iphoneos;
				SWIFT_ACTIVE_COMPILATION_CONDITIONS = DEBUG;
				SWIFT_OPTIMIZATION_LEVEL = "-Onone";
				VERSIONING_SYSTEM = "apple-generic";
				VERSION_INFO_PREFIX = "";
			};
			name = Debug;
		};
		61FABE5C29E3097000ED6059 /* Release */ = {
			isa = XCBuildConfiguration;
			buildSettings = {
				ALWAYS_SEARCH_USER_PATHS = NO;
				CLANG_ANALYZER_NONNULL = YES;
				CLANG_ANALYZER_NUMBER_OBJECT_CONVERSION = YES_AGGRESSIVE;
				CLANG_CXX_LANGUAGE_STANDARD = "gnu++20";
				CLANG_ENABLE_MODULES = YES;
				CLANG_ENABLE_OBJC_ARC = YES;
				CLANG_ENABLE_OBJC_WEAK = YES;
				CLANG_WARN_BLOCK_CAPTURE_AUTORELEASING = YES;
				CLANG_WARN_BOOL_CONVERSION = YES;
				CLANG_WARN_COMMA = YES;
				CLANG_WARN_CONSTANT_CONVERSION = YES;
				CLANG_WARN_DEPRECATED_OBJC_IMPLEMENTATIONS = YES;
				CLANG_WARN_DIRECT_OBJC_ISA_USAGE = YES_ERROR;
				CLANG_WARN_DOCUMENTATION_COMMENTS = YES;
				CLANG_WARN_EMPTY_BODY = YES;
				CLANG_WARN_ENUM_CONVERSION = YES;
				CLANG_WARN_INFINITE_RECURSION = YES;
				CLANG_WARN_INT_CONVERSION = YES;
				CLANG_WARN_NON_LITERAL_NULL_CONVERSION = YES;
				CLANG_WARN_OBJC_IMPLICIT_RETAIN_SELF = YES;
				CLANG_WARN_OBJC_LITERAL_CONVERSION = YES;
				CLANG_WARN_OBJC_ROOT_CLASS = YES_ERROR;
				CLANG_WARN_QUOTED_INCLUDE_IN_FRAMEWORK_HEADER = YES;
				CLANG_WARN_RANGE_LOOP_ANALYSIS = YES;
				CLANG_WARN_STRICT_PROTOTYPES = YES;
				CLANG_WARN_SUSPICIOUS_MOVE = YES;
				CLANG_WARN_UNGUARDED_AVAILABILITY = YES_AGGRESSIVE;
				CLANG_WARN_UNREACHABLE_CODE = YES;
				CLANG_WARN__DUPLICATE_METHOD_MATCH = YES;
				COPY_PHASE_STRIP = NO;
				CURRENT_PROJECT_VERSION = 1;
				DEBUG_INFORMATION_FORMAT = "dwarf-with-dsym";
				ENABLE_NS_ASSERTIONS = NO;
				ENABLE_STRICT_OBJC_MSGSEND = YES;
				GCC_C_LANGUAGE_STANDARD = gnu11;
				GCC_NO_COMMON_BLOCKS = YES;
				GCC_WARN_64_TO_32_BIT_CONVERSION = YES;
				GCC_WARN_ABOUT_RETURN_TYPE = YES_ERROR;
				GCC_WARN_UNDECLARED_SELECTOR = YES;
				GCC_WARN_UNINITIALIZED_AUTOS = YES_AGGRESSIVE;
				GCC_WARN_UNUSED_FUNCTION = YES;
				GCC_WARN_UNUSED_VARIABLE = YES;
				IPHONEOS_DEPLOYMENT_TARGET = 16.2;
				MTL_ENABLE_DEBUG_INFO = NO;
				MTL_FAST_MATH = YES;
				SDKROOT = iphoneos;
				SWIFT_COMPILATION_MODE = wholemodule;
				SWIFT_OPTIMIZATION_LEVEL = "-O";
				VALIDATE_PRODUCT = YES;
				VERSIONING_SYSTEM = "apple-generic";
				VERSION_INFO_PREFIX = "";
			};
			name = Release;
		};
		61FABE5E29E3097000ED6059 /* Debug */ = {
			isa = XCBuildConfiguration;
			buildSettings = {
				CODE_SIGN_STYLE = Automatic;
				CURRENT_PROJECT_VERSION = 1;
				DEFINES_MODULE = YES;
				DEVELOPMENT_TEAM = 328QJG8DC6;
				DYLIB_COMPATIBILITY_VERSION = 1;
				DYLIB_CURRENT_VERSION = 1;
				DYLIB_INSTALL_NAME_BASE = "@rpath";
				GENERATE_INFOPLIST_FILE = YES;
				INFOPLIST_KEY_NSHumanReadableCopyright = "";
				INSTALL_PATH = "$(LOCAL_LIBRARY_DIR)/Frameworks";
				IPHONEOS_DEPLOYMENT_TARGET = 15.0;
				LD_RUNPATH_SEARCH_PATHS = (
					"$(inherited)",
					"@executable_path/Frameworks",
					"@loader_path/Frameworks",
				);
				MARKETING_VERSION = 1.0;
				PRODUCT_BUNDLE_IDENTIFIER = CRM.CRMModule;
				PRODUCT_NAME = "$(TARGET_NAME:c99extidentifier)";
				SKIP_INSTALL = YES;
				SUPPORTED_PLATFORMS = "iphoneos iphonesimulator";
				SUPPORTS_MACCATALYST = NO;
				SUPPORTS_MAC_DESIGNED_FOR_IPHONE_IPAD = YES;
				SWIFT_EMIT_LOC_STRINGS = YES;
				SWIFT_VERSION = 5.0;
				TARGETED_DEVICE_FAMILY = "1,2";
			};
			name = Debug;
		};
		61FABE5F29E3097000ED6059 /* Release */ = {
			isa = XCBuildConfiguration;
			buildSettings = {
				CODE_SIGN_STYLE = Automatic;
				CURRENT_PROJECT_VERSION = 1;
				DEFINES_MODULE = YES;
				DEVELOPMENT_TEAM = 328QJG8DC6;
				DYLIB_COMPATIBILITY_VERSION = 1;
				DYLIB_CURRENT_VERSION = 1;
				DYLIB_INSTALL_NAME_BASE = "@rpath";
				GENERATE_INFOPLIST_FILE = YES;
				INFOPLIST_KEY_NSHumanReadableCopyright = "";
				INSTALL_PATH = "$(LOCAL_LIBRARY_DIR)/Frameworks";
				IPHONEOS_DEPLOYMENT_TARGET = 15.0;
				LD_RUNPATH_SEARCH_PATHS = (
					"$(inherited)",
					"@executable_path/Frameworks",
					"@loader_path/Frameworks",
				);
				MARKETING_VERSION = 1.0;
				PRODUCT_BUNDLE_IDENTIFIER = CRM.CRMModule;
				PRODUCT_NAME = "$(TARGET_NAME:c99extidentifier)";
				SKIP_INSTALL = YES;
				SUPPORTED_PLATFORMS = "iphoneos iphonesimulator";
				SUPPORTS_MACCATALYST = NO;
				SUPPORTS_MAC_DESIGNED_FOR_IPHONE_IPAD = YES;
				SWIFT_EMIT_LOC_STRINGS = YES;
				SWIFT_VERSION = 5.0;
				TARGETED_DEVICE_FAMILY = "1,2";
			};
			name = Release;
		};
		61FABEC129E30A2200ED6059 /* Debug */ = {
			isa = XCBuildConfiguration;
			buildSettings = {
				ALWAYS_EMBED_SWIFT_STANDARD_LIBRARIES = YES;
				CODE_SIGN_STYLE = Automatic;
				CURRENT_PROJECT_VERSION = 1;
				DEVELOPMENT_TEAM = YN4CY38HR3;
				GENERATE_INFOPLIST_FILE = YES;
				IPHONEOS_DEPLOYMENT_TARGET = 15.0;
				MARKETING_VERSION = 1.0;
				PRODUCT_BUNDLE_IDENTIFIER = CRM.CRMTests;
				PRODUCT_NAME = "$(TARGET_NAME)";
				SUPPORTED_PLATFORMS = "iphoneos iphonesimulator";
				SUPPORTS_MACCATALYST = NO;
				SUPPORTS_MAC_DESIGNED_FOR_IPHONE_IPAD = YES;
				SWIFT_EMIT_LOC_STRINGS = NO;
				SWIFT_VERSION = 5.0;
				TARGETED_DEVICE_FAMILY = "1,2";
			};
			name = Debug;
		};
		61FABEC229E30A2200ED6059 /* Release */ = {
			isa = XCBuildConfiguration;
			buildSettings = {
				ALWAYS_EMBED_SWIFT_STANDARD_LIBRARIES = YES;
				CODE_SIGN_STYLE = Automatic;
				CURRENT_PROJECT_VERSION = 1;
				DEVELOPMENT_TEAM = YN4CY38HR3;
				GENERATE_INFOPLIST_FILE = YES;
				IPHONEOS_DEPLOYMENT_TARGET = 15.0;
				MARKETING_VERSION = 1.0;
				PRODUCT_BUNDLE_IDENTIFIER = CRM.CRMTests;
				PRODUCT_NAME = "$(TARGET_NAME)";
				SUPPORTED_PLATFORMS = "iphoneos iphonesimulator";
				SUPPORTS_MACCATALYST = NO;
				SUPPORTS_MAC_DESIGNED_FOR_IPHONE_IPAD = YES;
				SWIFT_EMIT_LOC_STRINGS = NO;
				SWIFT_VERSION = 5.0;
				TARGETED_DEVICE_FAMILY = "1,2";
			};
			name = Release;
		};
		61FABECE29E30A8200ED6059 /* Debug */ = {
			isa = XCBuildConfiguration;
			buildSettings = {
				CODE_SIGN_STYLE = Automatic;
				CURRENT_PROJECT_VERSION = 1;
				DEVELOPMENT_TEAM = 328QJG8DC6;
				GENERATE_INFOPLIST_FILE = YES;
				IPHONEOS_DEPLOYMENT_TARGET = 15.0;
				MARKETING_VERSION = 1.0;
				PRODUCT_BUNDLE_IDENTIFIER = CRM.CRMModuleTest;
				PRODUCT_NAME = "$(TARGET_NAME)";
				PROVISIONING_PROFILE = "";
				SUPPORTED_PLATFORMS = "iphoneos iphonesimulator";
				SUPPORTS_MACCATALYST = NO;
				SUPPORTS_MAC_DESIGNED_FOR_IPHONE_IPAD = YES;
				SWIFT_EMIT_LOC_STRINGS = NO;
				SWIFT_VERSION = 5.0;
				TARGETED_DEVICE_FAMILY = "1,2";
			};
			name = Debug;
		};
		61FABECF29E30A8200ED6059 /* Release */ = {
			isa = XCBuildConfiguration;
			buildSettings = {
				CODE_SIGN_STYLE = Automatic;
				CURRENT_PROJECT_VERSION = 1;
				DEVELOPMENT_TEAM = 328QJG8DC6;
				GENERATE_INFOPLIST_FILE = YES;
				IPHONEOS_DEPLOYMENT_TARGET = 15.0;
				MARKETING_VERSION = 1.0;
				PRODUCT_BUNDLE_IDENTIFIER = CRM.CRMModuleTest;
				PRODUCT_NAME = "$(TARGET_NAME)";
				PROVISIONING_PROFILE = "";
				SUPPORTED_PLATFORMS = "iphoneos iphonesimulator";
				SUPPORTS_MACCATALYST = NO;
				SUPPORTS_MAC_DESIGNED_FOR_IPHONE_IPAD = YES;
				SWIFT_EMIT_LOC_STRINGS = NO;
				SWIFT_VERSION = 5.0;
				TARGETED_DEVICE_FAMILY = "1,2";
			};
			name = Release;
		};
/* End XCBuildConfiguration section */

/* Begin XCConfigurationList section */
		61FABE4529E3096F00ED6059 /* Build configuration list for PBXProject "CRMModule" */ = {
			isa = XCConfigurationList;
			buildConfigurations = (
				61FABE5B29E3097000ED6059 /* Debug */,
				61FABE5C29E3097000ED6059 /* Release */,
			);
			defaultConfigurationIsVisible = 0;
			defaultConfigurationName = Release;
		};
		61FABE5D29E3097000ED6059 /* Build configuration list for PBXNativeTarget "CRMModule" */ = {
			isa = XCConfigurationList;
			buildConfigurations = (
				61FABE5E29E3097000ED6059 /* Debug */,
				61FABE5F29E3097000ED6059 /* Release */,
			);
			defaultConfigurationIsVisible = 0;
			defaultConfigurationName = Release;
		};
		61FABEC029E30A2200ED6059 /* Build configuration list for PBXNativeTarget "CRMTests" */ = {
			isa = XCConfigurationList;
			buildConfigurations = (
				61FABEC129E30A2200ED6059 /* Debug */,
				61FABEC229E30A2200ED6059 /* Release */,
			);
			defaultConfigurationIsVisible = 0;
			defaultConfigurationName = Release;
		};
		61FABECD29E30A8200ED6059 /* Build configuration list for PBXNativeTarget "CRMModuleTest" */ = {
			isa = XCConfigurationList;
			buildConfigurations = (
				61FABECE29E30A8200ED6059 /* Debug */,
				61FABECF29E30A8200ED6059 /* Release */,
			);
			defaultConfigurationIsVisible = 0;
			defaultConfigurationName = Release;
		};
/* End XCConfigurationList section */

/* Begin XCRemoteSwiftPackageReference section */
		61FABEB229E309FE00ED6059 /* XCRemoteSwiftPackageReference "trackable-scroll-view" */ = {
			isa = XCRemoteSwiftPackageReference;
			repositoryURL = "https://github.com/maxnatchanon/trackable-scroll-view.git";
			requirement = {
				branch = master;
				kind = branch;
			};
		};
/* End XCRemoteSwiftPackageReference section */

/* Begin XCSwiftPackageProductDependency section */
		61FABEB329E309FE00ED6059 /* SwiftUITrackableScrollView */ = {
			isa = XCSwiftPackageProductDependency;
			package = 61FABEB229E309FE00ED6059 /* XCRemoteSwiftPackageReference "trackable-scroll-view" */;
			productName = SwiftUITrackableScrollView;
		};
/* End XCSwiftPackageProductDependency section */
	};
	rootObject = 61FABE4229E3096F00ED6059 /* Project object */;
}
